// !$*UTF8*$!
{
	archiveVersion = 1;
	classes = {
	};
	objectVersion = 46;
	objects = {

/* Begin PBXBuildFile section */
		67BE8099601B35C784374B0D /* libPods-Surbiton Food Festival.a in Frameworks */ = {isa = PBXBuildFile; fileRef = AB7EF5F88BFD131248207177 /* libPods-Surbiton Food Festival.a */; };
		AE02BC3B1AAE0CEA0025E7CC /* splash.png in Resources */ = {isa = PBXBuildFile; fileRef = AE02BC3A1AAE0CEA0025E7CC /* splash.png */; };
		AE1382631AA1422B00714884 /* Voucher.m in Sources */ = {isa = PBXBuildFile; fileRef = AE1382621AA1422B00714884 /* Voucher.m */; };
		AE1382661AA1426D00714884 /* VoucherBuilder.m in Sources */ = {isa = PBXBuildFile; fileRef = AE1382651AA1426D00714884 /* VoucherBuilder.m */; };
		AE18C4C21A8CBBB200B96570 /* EventBuilder.m in Sources */ = {isa = PBXBuildFile; fileRef = AE18C4C11A8CBBB200B96570 /* EventBuilder.m */; };
		AE18C4C51A8CBC3700B96570 /* Event.m in Sources */ = {isa = PBXBuildFile; fileRef = AE18C4C41A8CBC3700B96570 /* Event.m */; };
		AE19E59F1AC18A2B00B3F69F /* SystemConfiguration.framework in Frameworks */ = {isa = PBXBuildFile; fileRef = AE19E59E1AC18A2B00B3F69F /* SystemConfiguration.framework */; };
		AE1BCB9D1A9FAFAA00E79935 /* SWRevealViewController.m in Sources */ = {isa = PBXBuildFile; fileRef = AE1BCB9C1A9FAFAA00E79935 /* SWRevealViewController.m */; };
		AE1BCBA01A9FC59A00E79935 /* CustomAnimationController.m in Sources */ = {isa = PBXBuildFile; fileRef = AE1BCB9F1A9FC59A00E79935 /* CustomAnimationController.m */; };
		AE1BCBA71A9FC62100E79935 /* RearViewController.m in Sources */ = {isa = PBXBuildFile; fileRef = AE1BCBA61A9FC62100E79935 /* RearViewController.m */; };
		AE1BCBA91A9FC77200E79935 /* UIKit.framework in Frameworks */ = {isa = PBXBuildFile; fileRef = AE1BCBA81A9FC77200E79935 /* UIKit.framework */; };
		AE1BCBB11A9FC8A600E79935 /* RearViewController.xib in Resources */ = {isa = PBXBuildFile; fileRef = AE1BCBB01A9FC8A600E79935 /* RearViewController.xib */; };
		AE1BCBB41A9FC9C700E79935 /* reveal-icon.png in Resources */ = {isa = PBXBuildFile; fileRef = AE1BCBB21A9FC9C700E79935 /* reveal-icon.png */; };
		AE1BCBB51A9FC9C700E79935 /* reveal-icon@2x.png in Resources */ = {isa = PBXBuildFile; fileRef = AE1BCBB31A9FC9C700E79935 /* reveal-icon@2x.png */; };
		AE1BCBB71A9FCA4D00E79935 /* CoreGraphics.framework in Frameworks */ = {isa = PBXBuildFile; fileRef = AE1BCBB61A9FCA4D00E79935 /* CoreGraphics.framework */; };
		AE1BCBC31A9FCF6300E79935 /* TwitterViewController.m in Sources */ = {isa = PBXBuildFile; fileRef = AE1BCBC11A9FCF6300E79935 /* TwitterViewController.m */; };
		AE1BCBC41A9FCF6300E79935 /* TwitterViewController.xib in Resources */ = {isa = PBXBuildFile; fileRef = AE1BCBC21A9FCF6300E79935 /* TwitterViewController.xib */; };
		AE1BCBCE1A9FD0A400E79935 /* EventListViewController.m in Sources */ = {isa = PBXBuildFile; fileRef = AE1BCBCC1A9FD0A400E79935 /* EventListViewController.m */; };
		AE1BCBCF1A9FD0A400E79935 /* EventListViewController.xib in Resources */ = {isa = PBXBuildFile; fileRef = AE1BCBCD1A9FD0A400E79935 /* EventListViewController.xib */; };
		AE1BCBD11A9FD3CC00E79935 /* logo.jpg in Resources */ = {isa = PBXBuildFile; fileRef = AE1BCBD01A9FD3CC00E79935 /* logo.jpg */; };
		AE1BCBE71A9FDC3300E79935 /* Icon-60.png in Resources */ = {isa = PBXBuildFile; fileRef = AE1BCBD31A9FDC3300E79935 /* Icon-60.png */; };
		AE1BCBE81A9FDC3300E79935 /* Icon-60@2x.png in Resources */ = {isa = PBXBuildFile; fileRef = AE1BCBD41A9FDC3300E79935 /* Icon-60@2x.png */; };
		AE1BCBE91A9FDC3300E79935 /* Icon-60@3x.png in Resources */ = {isa = PBXBuildFile; fileRef = AE1BCBD51A9FDC3300E79935 /* Icon-60@3x.png */; };
		AE1BCBEA1A9FDC3300E79935 /* Icon-72.png in Resources */ = {isa = PBXBuildFile; fileRef = AE1BCBD61A9FDC3300E79935 /* Icon-72.png */; };
		AE1BCBEB1A9FDC3300E79935 /* Icon-72@2x.png in Resources */ = {isa = PBXBuildFile; fileRef = AE1BCBD71A9FDC3300E79935 /* Icon-72@2x.png */; };
		AE1BCBEC1A9FDC3300E79935 /* Icon-76.png in Resources */ = {isa = PBXBuildFile; fileRef = AE1BCBD81A9FDC3300E79935 /* Icon-76.png */; };
		AE1BCBED1A9FDC3300E79935 /* Icon-76@2x.png in Resources */ = {isa = PBXBuildFile; fileRef = AE1BCBD91A9FDC3300E79935 /* Icon-76@2x.png */; };
		AE1BCBEE1A9FDC3300E79935 /* Icon-76@3x.png in Resources */ = {isa = PBXBuildFile; fileRef = AE1BCBDA1A9FDC3300E79935 /* Icon-76@3x.png */; };
		AE1BCBEF1A9FDC3300E79935 /* Icon-Small-50.png in Resources */ = {isa = PBXBuildFile; fileRef = AE1BCBDB1A9FDC3300E79935 /* Icon-Small-50.png */; };
		AE1BCBF01A9FDC3300E79935 /* Icon-Small-50@2x.png in Resources */ = {isa = PBXBuildFile; fileRef = AE1BCBDC1A9FDC3300E79935 /* Icon-Small-50@2x.png */; };
		AE1BCBF11A9FDC3300E79935 /* Icon-Small.png in Resources */ = {isa = PBXBuildFile; fileRef = AE1BCBDD1A9FDC3300E79935 /* Icon-Small.png */; };
		AE1BCBF21A9FDC3300E79935 /* Icon-Small@2x.png in Resources */ = {isa = PBXBuildFile; fileRef = AE1BCBDE1A9FDC3300E79935 /* Icon-Small@2x.png */; };
		AE1BCBF31A9FDC3300E79935 /* Icon-Small@3x.png in Resources */ = {isa = PBXBuildFile; fileRef = AE1BCBDF1A9FDC3300E79935 /* Icon-Small@3x.png */; };
		AE1BCBF41A9FDC3300E79935 /* Icon-Spotlight-40.png in Resources */ = {isa = PBXBuildFile; fileRef = AE1BCBE01A9FDC3300E79935 /* Icon-Spotlight-40.png */; };
		AE1BCBF51A9FDC3300E79935 /* Icon-Spotlight-40@2x.png in Resources */ = {isa = PBXBuildFile; fileRef = AE1BCBE11A9FDC3300E79935 /* Icon-Spotlight-40@2x.png */; };
		AE1BCBF61A9FDC3300E79935 /* Icon-Spotlight-40@3x.png in Resources */ = {isa = PBXBuildFile; fileRef = AE1BCBE21A9FDC3300E79935 /* Icon-Spotlight-40@3x.png */; };
		AE1BCBF71A9FDC3300E79935 /* Icon.png in Resources */ = {isa = PBXBuildFile; fileRef = AE1BCBE31A9FDC3300E79935 /* Icon.png */; };
		AE1BCBF81A9FDC3300E79935 /* Icon@2x.png in Resources */ = {isa = PBXBuildFile; fileRef = AE1BCBE41A9FDC3300E79935 /* Icon@2x.png */; };
		AE1BCBF91A9FDC3300E79935 /* iTunesArtwork in Resources */ = {isa = PBXBuildFile; fileRef = AE1BCBE51A9FDC3300E79935 /* iTunesArtwork */; };
		AE1BCBFA1A9FDC3300E79935 /* iTunesArtwork@2x in Resources */ = {isa = PBXBuildFile; fileRef = AE1BCBE61A9FDC3300E79935 /* iTunesArtwork@2x */; };
		AE2521E71AA20040006A442A /* VoucherViewController.m in Sources */ = {isa = PBXBuildFile; fileRef = AE2521E51AA20040006A442A /* VoucherViewController.m */; };
		AE2521E81AA20040006A442A /* VoucherViewController.xib in Resources */ = {isa = PBXBuildFile; fileRef = AE2521E61AA20040006A442A /* VoucherViewController.xib */; };
		AE49705F1ABFF41B00AF99B1 /* team-surbiton-festival.jpg in Resources */ = {isa = PBXBuildFile; fileRef = AE49705E1ABFF41B00AF99B1 /* team-surbiton-festival.jpg */; };
		AE7003D11C4CF99300556EF6 /* Post.m in Sources */ = {isa = PBXBuildFile; fileRef = AE7003C81C4CF99300556EF6 /* Post.m */; };
		AE7003D21C4CF99300556EF6 /* PostBuilder.m in Sources */ = {isa = PBXBuildFile; fileRef = AE7003CA1C4CF99300556EF6 /* PostBuilder.m */; };
		AE7003D31C4CF99300556EF6 /* PostListViewController.m in Sources */ = {isa = PBXBuildFile; fileRef = AE7003CC1C4CF99300556EF6 /* PostListViewController.m */; };
		AE7003D41C4CF99300556EF6 /* PostListViewController.xib in Resources */ = {isa = PBXBuildFile; fileRef = AE7003CD1C4CF99300556EF6 /* PostListViewController.xib */; };
		AE7003D51C4CF99300556EF6 /* PostViewCell.m in Sources */ = {isa = PBXBuildFile; fileRef = AE7003CF1C4CF99300556EF6 /* PostViewCell.m */; };
		AE7003D61C4CF99300556EF6 /* PostViewCell.xib in Resources */ = {isa = PBXBuildFile; fileRef = AE7003D01C4CF99300556EF6 /* PostViewCell.xib */; };
		AE7202911AE5557300D2B730 /* PrivacyPolicyViewController.m in Sources */ = {isa = PBXBuildFile; fileRef = AE72028F1AE5557300D2B730 /* PrivacyPolicyViewController.m */; };
		AE7202921AE5557300D2B730 /* PrivacyPolicyViewController.xib in Resources */ = {isa = PBXBuildFile; fileRef = AE7202901AE5557300D2B730 /* PrivacyPolicyViewController.xib */; };
		AE8D13621AA14B1900166951 /* VoucherListCell.m in Sources */ = {isa = PBXBuildFile; fileRef = AE8D13601AA14B1900166951 /* VoucherListCell.m */; };
		AE8D13631AA14B1900166951 /* VoucherListCell.xib in Resources */ = {isa = PBXBuildFile; fileRef = AE8D13611AA14B1900166951 /* VoucherListCell.xib */; };
		AE8D13711AA14DBE00166951 /* VoucherListViewController.m in Sources */ = {isa = PBXBuildFile; fileRef = AE8D136F1AA14DBE00166951 /* VoucherListViewController.m */; };
		AE8D13721AA14DBE00166951 /* VoucherListViewController.xib in Resources */ = {isa = PBXBuildFile; fileRef = AE8D13701AA14DBE00166951 /* VoucherListViewController.xib */; };
		AE9369F41A9BC5E300F15869 /* MapKit.framework in Frameworks */ = {isa = PBXBuildFile; fileRef = AE9369F31A9BC5E300F15869 /* MapKit.framework */; };
		AE9369FA1A9BCBC000F15869 /* VenueBuilder.m in Sources */ = {isa = PBXBuildFile; fileRef = AE9369F91A9BCBC000F15869 /* VenueBuilder.m */; };
		AE9369FD1A9BCC3400F15869 /* Venue.m in Sources */ = {isa = PBXBuildFile; fileRef = AE9369FC1A9BCC3400F15869 /* Venue.m */; };
		AEA056911AA4F82B003E095F /* TwitterViewCell.m in Sources */ = {isa = PBXBuildFile; fileRef = AEA0568F1AA4F82B003E095F /* TwitterViewCell.m */; };
		AEA056921AA4F82B003E095F /* TwitterViewCell.xib in Resources */ = {isa = PBXBuildFile; fileRef = AEA056901AA4F82B003E095F /* TwitterViewCell.xib */; };
		AEAE299E1C848B5200533C60 /* Home@2x.png in Resources */ = {isa = PBXBuildFile; fileRef = AEAE299D1C848B5200533C60 /* Home@2x.png */; };
		AEAE29A21C8839B000533C60 /* Podfile in Resources */ = {isa = PBXBuildFile; fileRef = AEAE29A11C8839B000533C60 /* Podfile */; };
		AEB9DB2A1A90A956008C6329 /* EventViewController.m in Sources */ = {isa = PBXBuildFile; fileRef = AEB9DB281A90A956008C6329 /* EventViewController.m */; };
		AEB9DB2B1A90A956008C6329 /* EventViewController.xib in Resources */ = {isa = PBXBuildFile; fileRef = AEB9DB291A90A956008C6329 /* EventViewController.xib */; };
		AEB9DB2E1A90C559008C6329 /* TweetBuilder.m in Sources */ = {isa = PBXBuildFile; fileRef = AEB9DB2D1A90C559008C6329 /* TweetBuilder.m */; };
		AEB9DB311A90C564008C6329 /* Tweet.m in Sources */ = {isa = PBXBuildFile; fileRef = AEB9DB301A90C564008C6329 /* Tweet.m */; };
		AEBA91B91C88641200708484 /* GalleryViewController.m in Sources */ = {isa = PBXBuildFile; fileRef = AEBA91B71C88641200708484 /* GalleryViewController.m */; };
		AEBBF1F51A9BE9AE00B5D3F8 /* pin.png in Resources */ = {isa = PBXBuildFile; fileRef = AEBBF1F41A9BE9AE00B5D3F8 /* pin.png */; };
		AEBFA5611AB3632800B25A11 /* VenueViewController.m in Sources */ = {isa = PBXBuildFile; fileRef = AEBFA55F1AB3632800B25A11 /* VenueViewController.m */; };
		AEBFA5621AB3632800B25A11 /* VenueViewController.xib in Resources */ = {isa = PBXBuildFile; fileRef = AEBFA5601AB3632800B25A11 /* VenueViewController.xib */; };
		AEC425421AD913ED0021049E /* cutlery_chopsticks.png in Resources */ = {isa = PBXBuildFile; fileRef = AEC4253D1AD913ED0021049E /* cutlery_chopsticks.png */; };
		AEC425431AD913ED0021049E /* cutlery_knife.png in Resources */ = {isa = PBXBuildFile; fileRef = AEC4253E1AD913ED0021049E /* cutlery_knife.png */; };
		AEC425441AD913ED0021049E /* cutlery_fork.png in Resources */ = {isa = PBXBuildFile; fileRef = AEC4253F1AD913ED0021049E /* cutlery_fork.png */; };
		AEC425451AD913ED0021049E /* cutlery_spoon.png in Resources */ = {isa = PBXBuildFile; fileRef = AEC425401AD913ED0021049E /* cutlery_spoon.png */; };
		AEC425461AD913ED0021049E /* cutlery_teaspoon.png in Resources */ = {isa = PBXBuildFile; fileRef = AEC425411AD913ED0021049E /* cutlery_teaspoon.png */; };
		AEE46FA51AB875C000F52708 /* UIButtonBarCompose@2x.png in Resources */ = {isa = PBXBuildFile; fileRef = AEE46FA41AB875C000F52708 /* UIButtonBarCompose@2x.png */; };
		AEE46FA71AB8764900F52708 /* UIAccessoryButtonX@2x.png in Resources */ = {isa = PBXBuildFile; fileRef = AEE46FA61AB8764900F52708 /* UIAccessoryButtonX@2x.png */; };
		AEE46FA91AB8865900F52708 /* bell-lg-outline@2x.png in Resources */ = {isa = PBXBuildFile; fileRef = AEE46FA81AB8865900F52708 /* bell-lg-outline@2x.png */; };
		AEE46FAB1AB8866B00F52708 /* bell-lg-filled@2x.png in Resources */ = {isa = PBXBuildFile; fileRef = AEE46FAA1AB8866B00F52708 /* bell-lg-filled@2x.png */; };
		AEE46FAD1ABB4A1700F52708 /* KingstonPound-small-15.png in Resources */ = {isa = PBXBuildFile; fileRef = AEE46FAC1ABB4A1700F52708 /* KingstonPound-small-15.png */; };
		AEE46FD01ABB55CC00F52708 /* AboutAppViewController.m in Sources */ = {isa = PBXBuildFile; fileRef = AEE46FCE1ABB55CC00F52708 /* AboutAppViewController.m */; };
		AEE46FD11ABB55CC00F52708 /* AboutAppViewController.xib in Resources */ = {isa = PBXBuildFile; fileRef = AEE46FCF1ABB55CC00F52708 /* AboutAppViewController.xib */; };
		AEE46FD51ABB55E600F52708 /* AboutKingstonPoundViewController.m in Sources */ = {isa = PBXBuildFile; fileRef = AEE46FD31ABB55E600F52708 /* AboutKingstonPoundViewController.m */; };
		AEE46FD61ABB55E600F52708 /* AboutKingstonPoundViewController.xib in Resources */ = {isa = PBXBuildFile; fileRef = AEE46FD41ABB55E600F52708 /* AboutKingstonPoundViewController.xib */; };
		AEED6CCC1A939DB700B8D84B /* Social.framework in Frameworks */ = {isa = PBXBuildFile; fileRef = AEED6CCB1A939DB700B8D84B /* Social.framework */; };
		AEEF3D231AD3F096003256FD /* blue-plate.png in Resources */ = {isa = PBXBuildFile; fileRef = AEEF3D191AD3F096003256FD /* blue-plate.png */; };
		AEEF3D241AD3F096003256FD /* Cloth-BG-Green.png in Resources */ = {isa = PBXBuildFile; fileRef = AEEF3D1A1AD3F096003256FD /* Cloth-BG-Green.png */; };
		AEEF3D251AD3F096003256FD /* green-plate.png in Resources */ = {isa = PBXBuildFile; fileRef = AEEF3D1B1AD3F096003256FD /* green-plate.png */; };
		AEEF3D261AD3F096003256FD /* indigo-plate.png in Resources */ = {isa = PBXBuildFile; fileRef = AEEF3D1C1AD3F096003256FD /* indigo-plate.png */; };
		AEEF3D271AD3F096003256FD /* magenta-plate.png in Resources */ = {isa = PBXBuildFile; fileRef = AEEF3D1D1AD3F096003256FD /* magenta-plate.png */; };
		AEEF3D281AD3F096003256FD /* orange-plate.png in Resources */ = {isa = PBXBuildFile; fileRef = AEEF3D1E1AD3F096003256FD /* orange-plate.png */; };
		AEEF3D291AD3F096003256FD /* red-plate.png in Resources */ = {isa = PBXBuildFile; fileRef = AEEF3D1F1AD3F096003256FD /* red-plate.png */; };
		AEEF3D2A1AD3F096003256FD /* SFF-Logo-700-shadow.png in Resources */ = {isa = PBXBuildFile; fileRef = AEEF3D201AD3F096003256FD /* SFF-Logo-700-shadow.png */; };
		AEEF3D2B1AD3F096003256FD /* white-plate.png in Resources */ = {isa = PBXBuildFile; fileRef = AEEF3D211AD3F096003256FD /* white-plate.png */; };
		AEEF3D2C1AD3F096003256FD /* yellow-plate.png in Resources */ = {isa = PBXBuildFile; fileRef = AEEF3D221AD3F096003256FD /* yellow-plate.png */; };
		AEEF3D3A1AD5B17E003256FD /* HomeViewController.m in Sources */ = {isa = PBXBuildFile; fileRef = AEEF3D381AD5B17E003256FD /* HomeViewController.m */; };
		AEEF3D3B1AD5B17E003256FD /* HomeViewController.xib in Resources */ = {isa = PBXBuildFile; fileRef = AEEF3D391AD5B17E003256FD /* HomeViewController.xib */; };
		AEF3AAED1AAFABA200B2C6A9 /* FacebookSDK.framework in Frameworks */ = {isa = PBXBuildFile; fileRef = AEF3AAEC1AAFABA200B2C6A9 /* FacebookSDK.framework */; };
		AEF3AB041AB1F7E700B2C6A9 /* TweetLinkViewController.m in Sources */ = {isa = PBXBuildFile; fileRef = AEF3AB021AB1F7E700B2C6A9 /* TweetLinkViewController.m */; };
		AEF3AB051AB1F7E700B2C6A9 /* TweetLinkViewController.xib in Resources */ = {isa = PBXBuildFile; fileRef = AEF3AB031AB1F7E700B2C6A9 /* TweetLinkViewController.xib */; };
		AEF3AB211AB45D1400B2C6A9 /* TraderListViewController.m in Sources */ = {isa = PBXBuildFile; fileRef = AEF3AB1F1AB45D1400B2C6A9 /* TraderListViewController.m */; };
		AEF3AB221AB45D1400B2C6A9 /* TraderListViewController.xib in Resources */ = {isa = PBXBuildFile; fileRef = AEF3AB201AB45D1400B2C6A9 /* TraderListViewController.xib */; };
		AEF3AB261AB45D5200B2C6A9 /* TraderViewCell.m in Sources */ = {isa = PBXBuildFile; fileRef = AEF3AB241AB45D5200B2C6A9 /* TraderViewCell.m */; };
		AEF3AB271AB45D5200B2C6A9 /* TraderViewCell.xib in Resources */ = {isa = PBXBuildFile; fileRef = AEF3AB251AB45D5200B2C6A9 /* TraderViewCell.xib */; };
		AEF3AB2A1AB45D8000B2C6A9 /* Trader.m in Sources */ = {isa = PBXBuildFile; fileRef = AEF3AB291AB45D8000B2C6A9 /* Trader.m */; };
		AEF3AB2D1AB45D9000B2C6A9 /* TraderBuilder.m in Sources */ = {isa = PBXBuildFile; fileRef = AEF3AB2C1AB45D9000B2C6A9 /* TraderBuilder.m */; };
		AEF3AB311AB462E100B2C6A9 /* TraderViewController.m in Sources */ = {isa = PBXBuildFile; fileRef = AEF3AB2F1AB462E100B2C6A9 /* TraderViewController.m */; };
		AEF3AB321AB462E100B2C6A9 /* TraderViewController.xib in Resources */ = {isa = PBXBuildFile; fileRef = AEF3AB301AB462E100B2C6A9 /* TraderViewController.xib */; };
		AEF520951A9E2C1000C05D84 /* Configurations.plist in Resources */ = {isa = PBXBuildFile; fileRef = AEF520941A9E2C1000C05D84 /* Configurations.plist */; };
		AEF520981A9E2C7600C05D84 /* MTConfiguration.m in Sources */ = {isa = PBXBuildFile; fileRef = AEF520971A9E2C7600C05D84 /* MTConfiguration.m */; };
		AEF8BC461A7CEC8A007241DC /* main.m in Sources */ = {isa = PBXBuildFile; fileRef = AEF8BC451A7CEC8A007241DC /* main.m */; };
		AEF8BC491A7CEC8A007241DC /* AppDelegate.m in Sources */ = {isa = PBXBuildFile; fileRef = AEF8BC481A7CEC8A007241DC /* AppDelegate.m */; };
		AEF8BC541A7CEC8A007241DC /* Images.xcassets in Resources */ = {isa = PBXBuildFile; fileRef = AEF8BC531A7CEC8A007241DC /* Images.xcassets */; };
		AEF8BC571A7CEC8A007241DC /* LaunchScreen.xib in Resources */ = {isa = PBXBuildFile; fileRef = AEF8BC551A7CEC8A007241DC /* LaunchScreen.xib */; };
		AEF8BC631A7CEC8A007241DC /* Surbiton_Food_FestivalTests.m in Sources */ = {isa = PBXBuildFile; fileRef = AEF8BC621A7CEC8A007241DC /* Surbiton_Food_FestivalTests.m */; };
		AEFF2E8F1A925ED8005DBCBB /* EventViewCell.m in Sources */ = {isa = PBXBuildFile; fileRef = AEFF2E8D1A925ED8005DBCBB /* EventViewCell.m */; };
		AEFF2E901A925ED8005DBCBB /* EventViewCell.xib in Resources */ = {isa = PBXBuildFile; fileRef = AEFF2E8E1A925ED8005DBCBB /* EventViewCell.xib */; };
/* End PBXBuildFile section */

/* Begin PBXContainerItemProxy section */
		AEF8BC5D1A7CEC8A007241DC /* PBXContainerItemProxy */ = {
			isa = PBXContainerItemProxy;
			containerPortal = AEF8BC381A7CEC8A007241DC /* Project object */;
			proxyType = 1;
			remoteGlobalIDString = AEF8BC3F1A7CEC8A007241DC;
			remoteInfo = "Surbiton Food Festival";
		};
/* End PBXContainerItemProxy section */

/* Begin PBXFileReference section */
		216CA38FD346A39C991929E0 /* Pods-Surbiton Food Festival.release.xcconfig */ = {isa = PBXFileReference; includeInIndex = 1; lastKnownFileType = text.xcconfig; name = "Pods-Surbiton Food Festival.release.xcconfig"; path = "Pods/Target Support Files/Pods-Surbiton Food Festival/Pods-Surbiton Food Festival.release.xcconfig"; sourceTree = "<group>"; };
		86F5681239063F50355849AC /* Pods-Surbiton Food Festival.production.xcconfig */ = {isa = PBXFileReference; includeInIndex = 1; lastKnownFileType = text.xcconfig; name = "Pods-Surbiton Food Festival.production.xcconfig"; path = "Pods/Target Support Files/Pods-Surbiton Food Festival/Pods-Surbiton Food Festival.production.xcconfig"; sourceTree = "<group>"; };
		A711FD2F296F14C67B518ABC /* Pods-Surbiton Food Festival.development.xcconfig */ = {isa = PBXFileReference; includeInIndex = 1; lastKnownFileType = text.xcconfig; name = "Pods-Surbiton Food Festival.development.xcconfig"; path = "Pods/Target Support Files/Pods-Surbiton Food Festival/Pods-Surbiton Food Festival.development.xcconfig"; sourceTree = "<group>"; };
		AB7EF5F88BFD131248207177 /* libPods-Surbiton Food Festival.a */ = {isa = PBXFileReference; explicitFileType = archive.ar; includeInIndex = 0; path = "libPods-Surbiton Food Festival.a"; sourceTree = BUILT_PRODUCTS_DIR; };
		AE02BC3A1AAE0CEA0025E7CC /* splash.png */ = {isa = PBXFileReference; lastKnownFileType = image.png; path = splash.png; sourceTree = "<group>"; };
		AE1382611AA1422B00714884 /* Voucher.h */ = {isa = PBXFileReference; fileEncoding = 4; lastKnownFileType = sourcecode.c.h; path = Voucher.h; sourceTree = "<group>"; };
		AE1382621AA1422B00714884 /* Voucher.m */ = {isa = PBXFileReference; fileEncoding = 4; lastKnownFileType = sourcecode.c.objc; path = Voucher.m; sourceTree = "<group>"; };
		AE1382641AA1426D00714884 /* VoucherBuilder.h */ = {isa = PBXFileReference; fileEncoding = 4; lastKnownFileType = sourcecode.c.h; path = VoucherBuilder.h; sourceTree = "<group>"; };
		AE1382651AA1426D00714884 /* VoucherBuilder.m */ = {isa = PBXFileReference; fileEncoding = 4; lastKnownFileType = sourcecode.c.objc; path = VoucherBuilder.m; sourceTree = "<group>"; };
		AE18C4C01A8CBBB200B96570 /* EventBuilder.h */ = {isa = PBXFileReference; fileEncoding = 4; lastKnownFileType = sourcecode.c.h; path = EventBuilder.h; sourceTree = "<group>"; };
		AE18C4C11A8CBBB200B96570 /* EventBuilder.m */ = {isa = PBXFileReference; fileEncoding = 4; lastKnownFileType = sourcecode.c.objc; path = EventBuilder.m; sourceTree = "<group>"; };
		AE18C4C31A8CBC3700B96570 /* Event.h */ = {isa = PBXFileReference; fileEncoding = 4; lastKnownFileType = sourcecode.c.h; path = Event.h; sourceTree = "<group>"; };
		AE18C4C41A8CBC3700B96570 /* Event.m */ = {isa = PBXFileReference; fileEncoding = 4; lastKnownFileType = sourcecode.c.objc; path = Event.m; sourceTree = "<group>"; };
		AE19E59E1AC18A2B00B3F69F /* SystemConfiguration.framework */ = {isa = PBXFileReference; lastKnownFileType = wrapper.framework; name = SystemConfiguration.framework; path = System/Library/Frameworks/SystemConfiguration.framework; sourceTree = SDKROOT; };
		AE1BCB9B1A9FAFAA00E79935 /* SWRevealViewController.h */ = {isa = PBXFileReference; fileEncoding = 4; lastKnownFileType = sourcecode.c.h; path = SWRevealViewController.h; sourceTree = "<group>"; };
		AE1BCB9C1A9FAFAA00E79935 /* SWRevealViewController.m */ = {isa = PBXFileReference; fileEncoding = 4; lastKnownFileType = sourcecode.c.objc; path = SWRevealViewController.m; sourceTree = "<group>"; };
		AE1BCB9E1A9FC59A00E79935 /* CustomAnimationController.h */ = {isa = PBXFileReference; fileEncoding = 4; lastKnownFileType = sourcecode.c.h; path = CustomAnimationController.h; sourceTree = "<group>"; };
		AE1BCB9F1A9FC59A00E79935 /* CustomAnimationController.m */ = {isa = PBXFileReference; fileEncoding = 4; lastKnownFileType = sourcecode.c.objc; path = CustomAnimationController.m; sourceTree = "<group>"; };
		AE1BCBA51A9FC62100E79935 /* RearViewController.h */ = {isa = PBXFileReference; fileEncoding = 4; lastKnownFileType = sourcecode.c.h; path = RearViewController.h; sourceTree = "<group>"; };
		AE1BCBA61A9FC62100E79935 /* RearViewController.m */ = {isa = PBXFileReference; fileEncoding = 4; lastKnownFileType = sourcecode.c.objc; path = RearViewController.m; sourceTree = "<group>"; };
		AE1BCBA81A9FC77200E79935 /* UIKit.framework */ = {isa = PBXFileReference; lastKnownFileType = wrapper.framework; name = UIKit.framework; path = System/Library/Frameworks/UIKit.framework; sourceTree = SDKROOT; };
		AE1BCBB01A9FC8A600E79935 /* RearViewController.xib */ = {isa = PBXFileReference; fileEncoding = 4; lastKnownFileType = file.xib; path = RearViewController.xib; sourceTree = "<group>"; };
		AE1BCBB21A9FC9C700E79935 /* reveal-icon.png */ = {isa = PBXFileReference; lastKnownFileType = image.png; path = "reveal-icon.png"; sourceTree = "<group>"; };
		AE1BCBB31A9FC9C700E79935 /* reveal-icon@2x.png */ = {isa = PBXFileReference; lastKnownFileType = image.png; path = "reveal-icon@2x.png"; sourceTree = "<group>"; };
		AE1BCBB61A9FCA4D00E79935 /* CoreGraphics.framework */ = {isa = PBXFileReference; lastKnownFileType = wrapper.framework; name = CoreGraphics.framework; path = System/Library/Frameworks/CoreGraphics.framework; sourceTree = SDKROOT; };
		AE1BCBC01A9FCF6300E79935 /* TwitterViewController.h */ = {isa = PBXFileReference; fileEncoding = 4; lastKnownFileType = sourcecode.c.h; path = TwitterViewController.h; sourceTree = "<group>"; };
		AE1BCBC11A9FCF6300E79935 /* TwitterViewController.m */ = {isa = PBXFileReference; fileEncoding = 4; lastKnownFileType = sourcecode.c.objc; path = TwitterViewController.m; sourceTree = "<group>"; };
		AE1BCBC21A9FCF6300E79935 /* TwitterViewController.xib */ = {isa = PBXFileReference; fileEncoding = 4; lastKnownFileType = file.xib; path = TwitterViewController.xib; sourceTree = "<group>"; };
		AE1BCBCB1A9FD0A400E79935 /* EventListViewController.h */ = {isa = PBXFileReference; fileEncoding = 4; lastKnownFileType = sourcecode.c.h; path = EventListViewController.h; sourceTree = "<group>"; };
		AE1BCBCC1A9FD0A400E79935 /* EventListViewController.m */ = {isa = PBXFileReference; fileEncoding = 4; lastKnownFileType = sourcecode.c.objc; path = EventListViewController.m; sourceTree = "<group>"; };
		AE1BCBCD1A9FD0A400E79935 /* EventListViewController.xib */ = {isa = PBXFileReference; fileEncoding = 4; lastKnownFileType = file.xib; path = EventListViewController.xib; sourceTree = "<group>"; };
		AE1BCBD01A9FD3CC00E79935 /* logo.jpg */ = {isa = PBXFileReference; lastKnownFileType = image.jpeg; path = logo.jpg; sourceTree = "<group>"; };
		AE1BCBD31A9FDC3300E79935 /* Icon-60.png */ = {isa = PBXFileReference; lastKnownFileType = image.png; path = "Icon-60.png"; sourceTree = "<group>"; };
		AE1BCBD41A9FDC3300E79935 /* Icon-60@2x.png */ = {isa = PBXFileReference; lastKnownFileType = image.png; path = "Icon-60@2x.png"; sourceTree = "<group>"; };
		AE1BCBD51A9FDC3300E79935 /* Icon-60@3x.png */ = {isa = PBXFileReference; lastKnownFileType = image.png; path = "Icon-60@3x.png"; sourceTree = "<group>"; };
		AE1BCBD61A9FDC3300E79935 /* Icon-72.png */ = {isa = PBXFileReference; lastKnownFileType = image.png; path = "Icon-72.png"; sourceTree = "<group>"; };
		AE1BCBD71A9FDC3300E79935 /* Icon-72@2x.png */ = {isa = PBXFileReference; lastKnownFileType = image.png; path = "Icon-72@2x.png"; sourceTree = "<group>"; };
		AE1BCBD81A9FDC3300E79935 /* Icon-76.png */ = {isa = PBXFileReference; lastKnownFileType = image.png; path = "Icon-76.png"; sourceTree = "<group>"; };
		AE1BCBD91A9FDC3300E79935 /* Icon-76@2x.png */ = {isa = PBXFileReference; lastKnownFileType = image.png; path = "Icon-76@2x.png"; sourceTree = "<group>"; };
		AE1BCBDA1A9FDC3300E79935 /* Icon-76@3x.png */ = {isa = PBXFileReference; lastKnownFileType = image.png; path = "Icon-76@3x.png"; sourceTree = "<group>"; };
		AE1BCBDB1A9FDC3300E79935 /* Icon-Small-50.png */ = {isa = PBXFileReference; lastKnownFileType = image.png; path = "Icon-Small-50.png"; sourceTree = "<group>"; };
		AE1BCBDC1A9FDC3300E79935 /* Icon-Small-50@2x.png */ = {isa = PBXFileReference; lastKnownFileType = image.png; path = "Icon-Small-50@2x.png"; sourceTree = "<group>"; };
		AE1BCBDD1A9FDC3300E79935 /* Icon-Small.png */ = {isa = PBXFileReference; lastKnownFileType = image.png; path = "Icon-Small.png"; sourceTree = "<group>"; };
		AE1BCBDE1A9FDC3300E79935 /* Icon-Small@2x.png */ = {isa = PBXFileReference; lastKnownFileType = image.png; path = "Icon-Small@2x.png"; sourceTree = "<group>"; };
		AE1BCBDF1A9FDC3300E79935 /* Icon-Small@3x.png */ = {isa = PBXFileReference; lastKnownFileType = image.png; path = "Icon-Small@3x.png"; sourceTree = "<group>"; };
		AE1BCBE01A9FDC3300E79935 /* Icon-Spotlight-40.png */ = {isa = PBXFileReference; lastKnownFileType = image.png; path = "Icon-Spotlight-40.png"; sourceTree = "<group>"; };
		AE1BCBE11A9FDC3300E79935 /* Icon-Spotlight-40@2x.png */ = {isa = PBXFileReference; lastKnownFileType = image.png; path = "Icon-Spotlight-40@2x.png"; sourceTree = "<group>"; };
		AE1BCBE21A9FDC3300E79935 /* Icon-Spotlight-40@3x.png */ = {isa = PBXFileReference; lastKnownFileType = image.png; path = "Icon-Spotlight-40@3x.png"; sourceTree = "<group>"; };
		AE1BCBE31A9FDC3300E79935 /* Icon.png */ = {isa = PBXFileReference; lastKnownFileType = image.png; path = Icon.png; sourceTree = "<group>"; };
		AE1BCBE41A9FDC3300E79935 /* Icon@2x.png */ = {isa = PBXFileReference; lastKnownFileType = image.png; path = "Icon@2x.png"; sourceTree = "<group>"; };
		AE1BCBE51A9FDC3300E79935 /* iTunesArtwork */ = {isa = PBXFileReference; lastKnownFileType = file; path = iTunesArtwork; sourceTree = "<group>"; };
		AE1BCBE61A9FDC3300E79935 /* iTunesArtwork@2x */ = {isa = PBXFileReference; lastKnownFileType = file; path = "iTunesArtwork@2x"; sourceTree = "<group>"; };
		AE2521E41AA20040006A442A /* VoucherViewController.h */ = {isa = PBXFileReference; fileEncoding = 4; lastKnownFileType = sourcecode.c.h; path = VoucherViewController.h; sourceTree = "<group>"; };
		AE2521E51AA20040006A442A /* VoucherViewController.m */ = {isa = PBXFileReference; fileEncoding = 4; lastKnownFileType = sourcecode.c.objc; path = VoucherViewController.m; sourceTree = "<group>"; };
		AE2521E61AA20040006A442A /* VoucherViewController.xib */ = {isa = PBXFileReference; fileEncoding = 4; lastKnownFileType = file.xib; path = VoucherViewController.xib; sourceTree = "<group>"; };
		AE49705E1ABFF41B00AF99B1 /* team-surbiton-festival.jpg */ = {isa = PBXFileReference; lastKnownFileType = image.jpeg; path = "team-surbiton-festival.jpg"; sourceTree = "<group>"; };
		AE7003C71C4CF99300556EF6 /* Post.h */ = {isa = PBXFileReference; fileEncoding = 4; lastKnownFileType = sourcecode.c.h; path = Post.h; sourceTree = "<group>"; };
		AE7003C81C4CF99300556EF6 /* Post.m */ = {isa = PBXFileReference; fileEncoding = 4; lastKnownFileType = sourcecode.c.objc; path = Post.m; sourceTree = "<group>"; };
		AE7003C91C4CF99300556EF6 /* PostBuilder.h */ = {isa = PBXFileReference; fileEncoding = 4; lastKnownFileType = sourcecode.c.h; path = PostBuilder.h; sourceTree = "<group>"; };
		AE7003CA1C4CF99300556EF6 /* PostBuilder.m */ = {isa = PBXFileReference; fileEncoding = 4; lastKnownFileType = sourcecode.c.objc; path = PostBuilder.m; sourceTree = "<group>"; };
		AE7003CB1C4CF99300556EF6 /* PostListViewController.h */ = {isa = PBXFileReference; fileEncoding = 4; lastKnownFileType = sourcecode.c.h; path = PostListViewController.h; sourceTree = "<group>"; };
		AE7003CC1C4CF99300556EF6 /* PostListViewController.m */ = {isa = PBXFileReference; fileEncoding = 4; lastKnownFileType = sourcecode.c.objc; path = PostListViewController.m; sourceTree = "<group>"; };
		AE7003CD1C4CF99300556EF6 /* PostListViewController.xib */ = {isa = PBXFileReference; fileEncoding = 4; lastKnownFileType = file.xib; path = PostListViewController.xib; sourceTree = "<group>"; };
		AE7003CE1C4CF99300556EF6 /* PostViewCell.h */ = {isa = PBXFileReference; fileEncoding = 4; lastKnownFileType = sourcecode.c.h; path = PostViewCell.h; sourceTree = "<group>"; };
		AE7003CF1C4CF99300556EF6 /* PostViewCell.m */ = {isa = PBXFileReference; fileEncoding = 4; lastKnownFileType = sourcecode.c.objc; path = PostViewCell.m; sourceTree = "<group>"; };
		AE7003D01C4CF99300556EF6 /* PostViewCell.xib */ = {isa = PBXFileReference; fileEncoding = 4; lastKnownFileType = file.xib; path = PostViewCell.xib; sourceTree = "<group>"; };
		AE72028E1AE5557300D2B730 /* PrivacyPolicyViewController.h */ = {isa = PBXFileReference; fileEncoding = 4; lastKnownFileType = sourcecode.c.h; path = PrivacyPolicyViewController.h; sourceTree = "<group>"; };
		AE72028F1AE5557300D2B730 /* PrivacyPolicyViewController.m */ = {isa = PBXFileReference; fileEncoding = 4; lastKnownFileType = sourcecode.c.objc; path = PrivacyPolicyViewController.m; sourceTree = "<group>"; };
		AE7202901AE5557300D2B730 /* PrivacyPolicyViewController.xib */ = {isa = PBXFileReference; fileEncoding = 4; lastKnownFileType = file.xib; path = PrivacyPolicyViewController.xib; sourceTree = "<group>"; };
		AE8D135F1AA14B1900166951 /* VoucherListCell.h */ = {isa = PBXFileReference; fileEncoding = 4; lastKnownFileType = sourcecode.c.h; path = VoucherListCell.h; sourceTree = "<group>"; };
		AE8D13601AA14B1900166951 /* VoucherListCell.m */ = {isa = PBXFileReference; fileEncoding = 4; lastKnownFileType = sourcecode.c.objc; path = VoucherListCell.m; sourceTree = "<group>"; };
		AE8D13611AA14B1900166951 /* VoucherListCell.xib */ = {isa = PBXFileReference; fileEncoding = 4; lastKnownFileType = file.xib; path = VoucherListCell.xib; sourceTree = "<group>"; };
		AE8D136E1AA14DBE00166951 /* VoucherListViewController.h */ = {isa = PBXFileReference; fileEncoding = 4; lastKnownFileType = sourcecode.c.h; path = VoucherListViewController.h; sourceTree = "<group>"; };
		AE8D136F1AA14DBE00166951 /* VoucherListViewController.m */ = {isa = PBXFileReference; fileEncoding = 4; lastKnownFileType = sourcecode.c.objc; path = VoucherListViewController.m; sourceTree = "<group>"; };
		AE8D13701AA14DBE00166951 /* VoucherListViewController.xib */ = {isa = PBXFileReference; fileEncoding = 4; lastKnownFileType = file.xib; path = VoucherListViewController.xib; sourceTree = "<group>"; };
		AE9369F31A9BC5E300F15869 /* MapKit.framework */ = {isa = PBXFileReference; lastKnownFileType = wrapper.framework; name = MapKit.framework; path = System/Library/Frameworks/MapKit.framework; sourceTree = SDKROOT; };
		AE9369F81A9BCBC000F15869 /* VenueBuilder.h */ = {isa = PBXFileReference; fileEncoding = 4; lastKnownFileType = sourcecode.c.h; path = VenueBuilder.h; sourceTree = "<group>"; };
		AE9369F91A9BCBC000F15869 /* VenueBuilder.m */ = {isa = PBXFileReference; fileEncoding = 4; lastKnownFileType = sourcecode.c.objc; path = VenueBuilder.m; sourceTree = "<group>"; };
		AE9369FB1A9BCC3400F15869 /* Venue.h */ = {isa = PBXFileReference; fileEncoding = 4; lastKnownFileType = sourcecode.c.h; path = Venue.h; sourceTree = "<group>"; };
		AE9369FC1A9BCC3400F15869 /* Venue.m */ = {isa = PBXFileReference; fileEncoding = 4; lastKnownFileType = sourcecode.c.objc; path = Venue.m; sourceTree = "<group>"; };
		AEA0568E1AA4F82B003E095F /* TwitterViewCell.h */ = {isa = PBXFileReference; fileEncoding = 4; lastKnownFileType = sourcecode.c.h; path = TwitterViewCell.h; sourceTree = "<group>"; };
		AEA0568F1AA4F82B003E095F /* TwitterViewCell.m */ = {isa = PBXFileReference; fileEncoding = 4; lastKnownFileType = sourcecode.c.objc; path = TwitterViewCell.m; sourceTree = "<group>"; };
		AEA056901AA4F82B003E095F /* TwitterViewCell.xib */ = {isa = PBXFileReference; fileEncoding = 4; lastKnownFileType = file.xib; path = TwitterViewCell.xib; sourceTree = "<group>"; };
		AEAE299D1C848B5200533C60 /* Home@2x.png */ = {isa = PBXFileReference; lastKnownFileType = image.png; path = "Home@2x.png"; sourceTree = "<group>"; };
		AEAE29A11C8839B000533C60 /* Podfile */ = {isa = PBXFileReference; fileEncoding = 4; lastKnownFileType = text; path = Podfile; sourceTree = "<group>"; xcLanguageSpecificationIdentifier = xcode.lang.ruby; };
		AEB9DB271A90A956008C6329 /* EventViewController.h */ = {isa = PBXFileReference; fileEncoding = 4; lastKnownFileType = sourcecode.c.h; name = EventViewController.h; path = ../EventViewController.h; sourceTree = "<group>"; };
		AEB9DB281A90A956008C6329 /* EventViewController.m */ = {isa = PBXFileReference; fileEncoding = 4; lastKnownFileType = sourcecode.c.objc; name = EventViewController.m; path = ../EventViewController.m; sourceTree = "<group>"; };
		AEB9DB291A90A956008C6329 /* EventViewController.xib */ = {isa = PBXFileReference; fileEncoding = 4; lastKnownFileType = file.xib; name = EventViewController.xib; path = ../EventViewController.xib; sourceTree = "<group>"; };
		AEB9DB2C1A90C559008C6329 /* TweetBuilder.h */ = {isa = PBXFileReference; fileEncoding = 4; lastKnownFileType = sourcecode.c.h; path = TweetBuilder.h; sourceTree = "<group>"; };
		AEB9DB2D1A90C559008C6329 /* TweetBuilder.m */ = {isa = PBXFileReference; fileEncoding = 4; lastKnownFileType = sourcecode.c.objc; path = TweetBuilder.m; sourceTree = "<group>"; };
		AEB9DB2F1A90C564008C6329 /* Tweet.h */ = {isa = PBXFileReference; fileEncoding = 4; lastKnownFileType = sourcecode.c.h; path = Tweet.h; sourceTree = "<group>"; };
		AEB9DB301A90C564008C6329 /* Tweet.m */ = {isa = PBXFileReference; fileEncoding = 4; lastKnownFileType = sourcecode.c.objc; path = Tweet.m; sourceTree = "<group>"; };
		AEBA91B61C88641200708484 /* GalleryViewController.h */ = {isa = PBXFileReference; fileEncoding = 4; lastKnownFileType = sourcecode.c.h; path = GalleryViewController.h; sourceTree = "<group>"; };
		AEBA91B71C88641200708484 /* GalleryViewController.m */ = {isa = PBXFileReference; fileEncoding = 4; lastKnownFileType = sourcecode.c.objc; path = GalleryViewController.m; sourceTree = "<group>"; };
		AEBBF1F41A9BE9AE00B5D3F8 /* pin.png */ = {isa = PBXFileReference; lastKnownFileType = image.png; path = pin.png; sourceTree = "<group>"; };
		AEBFA55E1AB3632800B25A11 /* VenueViewController.h */ = {isa = PBXFileReference; fileEncoding = 4; lastKnownFileType = sourcecode.c.h; path = VenueViewController.h; sourceTree = "<group>"; };
		AEBFA55F1AB3632800B25A11 /* VenueViewController.m */ = {isa = PBXFileReference; fileEncoding = 4; lastKnownFileType = sourcecode.c.objc; path = VenueViewController.m; sourceTree = "<group>"; };
		AEBFA5601AB3632800B25A11 /* VenueViewController.xib */ = {isa = PBXFileReference; fileEncoding = 4; lastKnownFileType = file.xib; path = VenueViewController.xib; sourceTree = "<group>"; };
		AEC4253D1AD913ED0021049E /* cutlery_chopsticks.png */ = {isa = PBXFileReference; lastKnownFileType = image.png; path = cutlery_chopsticks.png; sourceTree = "<group>"; };
		AEC4253E1AD913ED0021049E /* cutlery_knife.png */ = {isa = PBXFileReference; lastKnownFileType = image.png; path = cutlery_knife.png; sourceTree = "<group>"; };
		AEC4253F1AD913ED0021049E /* cutlery_fork.png */ = {isa = PBXFileReference; lastKnownFileType = image.png; path = cutlery_fork.png; sourceTree = "<group>"; };
		AEC425401AD913ED0021049E /* cutlery_spoon.png */ = {isa = PBXFileReference; lastKnownFileType = image.png; path = cutlery_spoon.png; sourceTree = "<group>"; };
		AEC425411AD913ED0021049E /* cutlery_teaspoon.png */ = {isa = PBXFileReference; lastKnownFileType = image.png; path = cutlery_teaspoon.png; sourceTree = "<group>"; };
		AEE46FA41AB875C000F52708 /* UIButtonBarCompose@2x.png */ = {isa = PBXFileReference; lastKnownFileType = image.png; path = "UIButtonBarCompose@2x.png"; sourceTree = "<group>"; };
		AEE46FA61AB8764900F52708 /* UIAccessoryButtonX@2x.png */ = {isa = PBXFileReference; lastKnownFileType = image.png; path = "UIAccessoryButtonX@2x.png"; sourceTree = "<group>"; };
		AEE46FA81AB8865900F52708 /* bell-lg-outline@2x.png */ = {isa = PBXFileReference; lastKnownFileType = image.png; path = "bell-lg-outline@2x.png"; sourceTree = "<group>"; };
		AEE46FAA1AB8866B00F52708 /* bell-lg-filled@2x.png */ = {isa = PBXFileReference; lastKnownFileType = image.png; path = "bell-lg-filled@2x.png"; sourceTree = "<group>"; };
		AEE46FAC1ABB4A1700F52708 /* KingstonPound-small-15.png */ = {isa = PBXFileReference; lastKnownFileType = image.png; path = "KingstonPound-small-15.png"; sourceTree = "<group>"; };
		AEE46FCD1ABB55CC00F52708 /* AboutAppViewController.h */ = {isa = PBXFileReference; fileEncoding = 4; lastKnownFileType = sourcecode.c.h; path = AboutAppViewController.h; sourceTree = "<group>"; };
		AEE46FCE1ABB55CC00F52708 /* AboutAppViewController.m */ = {isa = PBXFileReference; fileEncoding = 4; lastKnownFileType = sourcecode.c.objc; path = AboutAppViewController.m; sourceTree = "<group>"; };
		AEE46FCF1ABB55CC00F52708 /* AboutAppViewController.xib */ = {isa = PBXFileReference; fileEncoding = 4; lastKnownFileType = file.xib; path = AboutAppViewController.xib; sourceTree = "<group>"; };
		AEE46FD21ABB55E600F52708 /* AboutKingstonPoundViewController.h */ = {isa = PBXFileReference; fileEncoding = 4; lastKnownFileType = sourcecode.c.h; path = AboutKingstonPoundViewController.h; sourceTree = "<group>"; };
		AEE46FD31ABB55E600F52708 /* AboutKingstonPoundViewController.m */ = {isa = PBXFileReference; fileEncoding = 4; lastKnownFileType = sourcecode.c.objc; path = AboutKingstonPoundViewController.m; sourceTree = "<group>"; };
		AEE46FD41ABB55E600F52708 /* AboutKingstonPoundViewController.xib */ = {isa = PBXFileReference; fileEncoding = 4; lastKnownFileType = file.xib; path = AboutKingstonPoundViewController.xib; sourceTree = "<group>"; };
		AEED6CCB1A939DB700B8D84B /* Social.framework */ = {isa = PBXFileReference; lastKnownFileType = wrapper.framework; name = Social.framework; path = System/Library/Frameworks/Social.framework; sourceTree = SDKROOT; };
		AEEF3D191AD3F096003256FD /* blue-plate.png */ = {isa = PBXFileReference; lastKnownFileType = image.png; path = "blue-plate.png"; sourceTree = "<group>"; };
		AEEF3D1A1AD3F096003256FD /* Cloth-BG-Green.png */ = {isa = PBXFileReference; lastKnownFileType = image.png; path = "Cloth-BG-Green.png"; sourceTree = "<group>"; };
		AEEF3D1B1AD3F096003256FD /* green-plate.png */ = {isa = PBXFileReference; lastKnownFileType = image.png; path = "green-plate.png"; sourceTree = "<group>"; };
		AEEF3D1C1AD3F096003256FD /* indigo-plate.png */ = {isa = PBXFileReference; lastKnownFileType = image.png; path = "indigo-plate.png"; sourceTree = "<group>"; };
		AEEF3D1D1AD3F096003256FD /* magenta-plate.png */ = {isa = PBXFileReference; lastKnownFileType = image.png; path = "magenta-plate.png"; sourceTree = "<group>"; };
		AEEF3D1E1AD3F096003256FD /* orange-plate.png */ = {isa = PBXFileReference; lastKnownFileType = image.png; path = "orange-plate.png"; sourceTree = "<group>"; };
		AEEF3D1F1AD3F096003256FD /* red-plate.png */ = {isa = PBXFileReference; lastKnownFileType = image.png; path = "red-plate.png"; sourceTree = "<group>"; };
		AEEF3D201AD3F096003256FD /* SFF-Logo-700-shadow.png */ = {isa = PBXFileReference; lastKnownFileType = image.png; path = "SFF-Logo-700-shadow.png"; sourceTree = "<group>"; };
		AEEF3D211AD3F096003256FD /* white-plate.png */ = {isa = PBXFileReference; lastKnownFileType = image.png; path = "white-plate.png"; sourceTree = "<group>"; };
		AEEF3D221AD3F096003256FD /* yellow-plate.png */ = {isa = PBXFileReference; lastKnownFileType = image.png; path = "yellow-plate.png"; sourceTree = "<group>"; };
		AEEF3D371AD5B17E003256FD /* HomeViewController.h */ = {isa = PBXFileReference; fileEncoding = 4; lastKnownFileType = sourcecode.c.h; path = HomeViewController.h; sourceTree = "<group>"; };
		AEEF3D381AD5B17E003256FD /* HomeViewController.m */ = {isa = PBXFileReference; fileEncoding = 4; lastKnownFileType = sourcecode.c.objc; path = HomeViewController.m; sourceTree = "<group>"; };
		AEEF3D391AD5B17E003256FD /* HomeViewController.xib */ = {isa = PBXFileReference; fileEncoding = 4; lastKnownFileType = file.xib; path = HomeViewController.xib; sourceTree = "<group>"; };
		AEF3AAEC1AAFABA200B2C6A9 /* FacebookSDK.framework */ = {isa = PBXFileReference; lastKnownFileType = wrapper.framework; name = FacebookSDK.framework; path = ../FacebookSDK/FacebookSDK.framework; sourceTree = "<group>"; };
		AEF3AB011AB1F7E700B2C6A9 /* TweetLinkViewController.h */ = {isa = PBXFileReference; fileEncoding = 4; lastKnownFileType = sourcecode.c.h; path = TweetLinkViewController.h; sourceTree = "<group>"; };
		AEF3AB021AB1F7E700B2C6A9 /* TweetLinkViewController.m */ = {isa = PBXFileReference; fileEncoding = 4; lastKnownFileType = sourcecode.c.objc; path = TweetLinkViewController.m; sourceTree = "<group>"; };
		AEF3AB031AB1F7E700B2C6A9 /* TweetLinkViewController.xib */ = {isa = PBXFileReference; fileEncoding = 4; lastKnownFileType = file.xib; path = TweetLinkViewController.xib; sourceTree = "<group>"; };
		AEF3AB1E1AB45D1400B2C6A9 /* TraderListViewController.h */ = {isa = PBXFileReference; fileEncoding = 4; lastKnownFileType = sourcecode.c.h; path = TraderListViewController.h; sourceTree = "<group>"; };
		AEF3AB1F1AB45D1400B2C6A9 /* TraderListViewController.m */ = {isa = PBXFileReference; fileEncoding = 4; lastKnownFileType = sourcecode.c.objc; path = TraderListViewController.m; sourceTree = "<group>"; };
		AEF3AB201AB45D1400B2C6A9 /* TraderListViewController.xib */ = {isa = PBXFileReference; fileEncoding = 4; lastKnownFileType = file.xib; path = TraderListViewController.xib; sourceTree = "<group>"; };
		AEF3AB231AB45D5200B2C6A9 /* TraderViewCell.h */ = {isa = PBXFileReference; fileEncoding = 4; lastKnownFileType = sourcecode.c.h; path = TraderViewCell.h; sourceTree = "<group>"; };
		AEF3AB241AB45D5200B2C6A9 /* TraderViewCell.m */ = {isa = PBXFileReference; fileEncoding = 4; lastKnownFileType = sourcecode.c.objc; path = TraderViewCell.m; sourceTree = "<group>"; };
		AEF3AB251AB45D5200B2C6A9 /* TraderViewCell.xib */ = {isa = PBXFileReference; fileEncoding = 4; lastKnownFileType = file.xib; path = TraderViewCell.xib; sourceTree = "<group>"; };
		AEF3AB281AB45D8000B2C6A9 /* Trader.h */ = {isa = PBXFileReference; fileEncoding = 4; lastKnownFileType = sourcecode.c.h; path = Trader.h; sourceTree = "<group>"; };
		AEF3AB291AB45D8000B2C6A9 /* Trader.m */ = {isa = PBXFileReference; fileEncoding = 4; lastKnownFileType = sourcecode.c.objc; path = Trader.m; sourceTree = "<group>"; };
		AEF3AB2B1AB45D9000B2C6A9 /* TraderBuilder.h */ = {isa = PBXFileReference; fileEncoding = 4; lastKnownFileType = sourcecode.c.h; path = TraderBuilder.h; sourceTree = "<group>"; };
		AEF3AB2C1AB45D9000B2C6A9 /* TraderBuilder.m */ = {isa = PBXFileReference; fileEncoding = 4; lastKnownFileType = sourcecode.c.objc; path = TraderBuilder.m; sourceTree = "<group>"; };
		AEF3AB2E1AB462E100B2C6A9 /* TraderViewController.h */ = {isa = PBXFileReference; fileEncoding = 4; lastKnownFileType = sourcecode.c.h; path = TraderViewController.h; sourceTree = "<group>"; };
		AEF3AB2F1AB462E100B2C6A9 /* TraderViewController.m */ = {isa = PBXFileReference; fileEncoding = 4; lastKnownFileType = sourcecode.c.objc; path = TraderViewController.m; sourceTree = "<group>"; };
		AEF3AB301AB462E100B2C6A9 /* TraderViewController.xib */ = {isa = PBXFileReference; fileEncoding = 4; lastKnownFileType = file.xib; path = TraderViewController.xib; sourceTree = "<group>"; };
		AEF520941A9E2C1000C05D84 /* Configurations.plist */ = {isa = PBXFileReference; fileEncoding = 4; lastKnownFileType = text.plist.xml; path = Configurations.plist; sourceTree = "<group>"; };
		AEF520961A9E2C7600C05D84 /* MTConfiguration.h */ = {isa = PBXFileReference; fileEncoding = 4; lastKnownFileType = sourcecode.c.h; path = MTConfiguration.h; sourceTree = "<group>"; };
		AEF520971A9E2C7600C05D84 /* MTConfiguration.m */ = {isa = PBXFileReference; fileEncoding = 4; lastKnownFileType = sourcecode.c.objc; path = MTConfiguration.m; sourceTree = "<group>"; };
		AEF8BC401A7CEC8A007241DC /* Surbiton Food Festival.app */ = {isa = PBXFileReference; explicitFileType = wrapper.application; includeInIndex = 0; path = "Surbiton Food Festival.app"; sourceTree = BUILT_PRODUCTS_DIR; };
		AEF8BC441A7CEC8A007241DC /* Info.plist */ = {isa = PBXFileReference; lastKnownFileType = text.plist.xml; path = Info.plist; sourceTree = "<group>"; };
		AEF8BC451A7CEC8A007241DC /* main.m */ = {isa = PBXFileReference; lastKnownFileType = sourcecode.c.objc; path = main.m; sourceTree = "<group>"; };
		AEF8BC471A7CEC8A007241DC /* AppDelegate.h */ = {isa = PBXFileReference; lastKnownFileType = sourcecode.c.h; path = AppDelegate.h; sourceTree = "<group>"; };
		AEF8BC481A7CEC8A007241DC /* AppDelegate.m */ = {isa = PBXFileReference; lastKnownFileType = sourcecode.c.objc; path = AppDelegate.m; sourceTree = "<group>"; };
		AEF8BC531A7CEC8A007241DC /* Images.xcassets */ = {isa = PBXFileReference; lastKnownFileType = folder.assetcatalog; path = Images.xcassets; sourceTree = "<group>"; };
		AEF8BC561A7CEC8A007241DC /* Base */ = {isa = PBXFileReference; lastKnownFileType = file.xib; name = Base; path = Base.lproj/LaunchScreen.xib; sourceTree = "<group>"; };
		AEF8BC5C1A7CEC8A007241DC /* Surbiton Food FestivalTests.xctest */ = {isa = PBXFileReference; explicitFileType = wrapper.cfbundle; includeInIndex = 0; path = "Surbiton Food FestivalTests.xctest"; sourceTree = BUILT_PRODUCTS_DIR; };
		AEF8BC611A7CEC8A007241DC /* Info.plist */ = {isa = PBXFileReference; lastKnownFileType = text.plist.xml; path = Info.plist; sourceTree = "<group>"; };
		AEF8BC621A7CEC8A007241DC /* Surbiton_Food_FestivalTests.m */ = {isa = PBXFileReference; lastKnownFileType = sourcecode.c.objc; path = Surbiton_Food_FestivalTests.m; sourceTree = "<group>"; };
		AEFF2E8C1A925ED8005DBCBB /* EventViewCell.h */ = {isa = PBXFileReference; fileEncoding = 4; lastKnownFileType = sourcecode.c.h; name = EventViewCell.h; path = ../EventViewCell.h; sourceTree = "<group>"; };
		AEFF2E8D1A925ED8005DBCBB /* EventViewCell.m */ = {isa = PBXFileReference; fileEncoding = 4; lastKnownFileType = sourcecode.c.objc; name = EventViewCell.m; path = ../EventViewCell.m; sourceTree = "<group>"; };
		AEFF2E8E1A925ED8005DBCBB /* EventViewCell.xib */ = {isa = PBXFileReference; fileEncoding = 4; lastKnownFileType = file.xib; name = EventViewCell.xib; path = ../EventViewCell.xib; sourceTree = "<group>"; };
		CB4E3AA4C49890EF5DEC5516 /* Pods-Surbiton Food Festival.debug.xcconfig */ = {isa = PBXFileReference; includeInIndex = 1; lastKnownFileType = text.xcconfig; name = "Pods-Surbiton Food Festival.debug.xcconfig"; path = "Pods/Target Support Files/Pods-Surbiton Food Festival/Pods-Surbiton Food Festival.debug.xcconfig"; sourceTree = "<group>"; };
/* End PBXFileReference section */

/* Begin PBXFrameworksBuildPhase section */
		AEF8BC3D1A7CEC8A007241DC /* Frameworks */ = {
			isa = PBXFrameworksBuildPhase;
			buildActionMask = 2147483647;
			files = (
				AE19E59F1AC18A2B00B3F69F /* SystemConfiguration.framework in Frameworks */,
				AE1BCBB71A9FCA4D00E79935 /* CoreGraphics.framework in Frameworks */,
				AEF3AAED1AAFABA200B2C6A9 /* FacebookSDK.framework in Frameworks */,
				AE1BCBA91A9FC77200E79935 /* UIKit.framework in Frameworks */,
				AE9369F41A9BC5E300F15869 /* MapKit.framework in Frameworks */,
				AEED6CCC1A939DB700B8D84B /* Social.framework in Frameworks */,
				67BE8099601B35C784374B0D /* libPods-Surbiton Food Festival.a in Frameworks */,
			);
			runOnlyForDeploymentPostprocessing = 0;
		};
		AEF8BC591A7CEC8A007241DC /* Frameworks */ = {
			isa = PBXFrameworksBuildPhase;
			buildActionMask = 2147483647;
			files = (
			);
			runOnlyForDeploymentPostprocessing = 0;
		};
/* End PBXFrameworksBuildPhase section */

/* Begin PBXGroup section */
		742685F13202720A629598A2 /* Frameworks */ = {
			isa = PBXGroup;
			children = (
				AB7EF5F88BFD131248207177 /* libPods-Surbiton Food Festival.a */,
			);
			name = Frameworks;
			sourceTree = "<group>";
		};
		AE1382671AA142DE00714884 /* VoucherList */ = {
			isa = PBXGroup;
			children = (
				AE8D135F1AA14B1900166951 /* VoucherListCell.h */,
				AE8D13601AA14B1900166951 /* VoucherListCell.m */,
				AE8D13611AA14B1900166951 /* VoucherListCell.xib */,
				AE8D136E1AA14DBE00166951 /* VoucherListViewController.h */,
				AE8D136F1AA14DBE00166951 /* VoucherListViewController.m */,
				AE8D13701AA14DBE00166951 /* VoucherListViewController.xib */,
				AE2521E41AA20040006A442A /* VoucherViewController.h */,
				AE2521E51AA20040006A442A /* VoucherViewController.m */,
				AE2521E61AA20040006A442A /* VoucherViewController.xib */,
			);
			name = VoucherList;
			sourceTree = "<group>";
		};
		AE18C4B71A8CB5F500B96570 /* Models */ = {
			isa = PBXGroup;
			children = (
				AE7003C71C4CF99300556EF6 /* Post.h */,
				AE7003C81C4CF99300556EF6 /* Post.m */,
				AE7003C91C4CF99300556EF6 /* PostBuilder.h */,
				AE7003CA1C4CF99300556EF6 /* PostBuilder.m */,
				AE18C4C01A8CBBB200B96570 /* EventBuilder.h */,
				AE18C4C11A8CBBB200B96570 /* EventBuilder.m */,
				AE18C4C31A8CBC3700B96570 /* Event.h */,
				AE18C4C41A8CBC3700B96570 /* Event.m */,
				AEB9DB2C1A90C559008C6329 /* TweetBuilder.h */,
				AEB9DB2D1A90C559008C6329 /* TweetBuilder.m */,
				AEB9DB2F1A90C564008C6329 /* Tweet.h */,
				AEB9DB301A90C564008C6329 /* Tweet.m */,
				AE9369F81A9BCBC000F15869 /* VenueBuilder.h */,
				AE9369F91A9BCBC000F15869 /* VenueBuilder.m */,
				AE9369FB1A9BCC3400F15869 /* Venue.h */,
				AE9369FC1A9BCC3400F15869 /* Venue.m */,
				AE1382611AA1422B00714884 /* Voucher.h */,
				AE1382621AA1422B00714884 /* Voucher.m */,
				AE1382641AA1426D00714884 /* VoucherBuilder.h */,
				AE1382651AA1426D00714884 /* VoucherBuilder.m */,
				AEF3AB281AB45D8000B2C6A9 /* Trader.h */,
				AEF3AB291AB45D8000B2C6A9 /* Trader.m */,
				AEF3AB2B1AB45D9000B2C6A9 /* TraderBuilder.h */,
				AEF3AB2C1AB45D9000B2C6A9 /* TraderBuilder.m */,
			);
			name = Models;
			sourceTree = "<group>";
		};
		AE1BCB9A1A9FAFAA00E79935 /* SWRevealViewController */ = {
			isa = PBXGroup;
			children = (
				AE1BCB9B1A9FAFAA00E79935 /* SWRevealViewController.h */,
				AE1BCB9C1A9FAFAA00E79935 /* SWRevealViewController.m */,
			);
			path = SWRevealViewController;
			sourceTree = "<group>";
		};
		AE1BCBBD1A9FCEB100E79935 /* Front Page */ = {
			isa = PBXGroup;
			children = (
				AE1BCBBE1A9FCEB600E79935 /* Navigation */,
				AEEF3D371AD5B17E003256FD /* HomeViewController.h */,
				AEEF3D381AD5B17E003256FD /* HomeViewController.m */,
				AEEF3D391AD5B17E003256FD /* HomeViewController.xib */,
			);
			name = "Front Page";
			sourceTree = "<group>";
		};
		AE1BCBBE1A9FCEB600E79935 /* Navigation */ = {
			isa = PBXGroup;
			children = (
				AE1BCB9E1A9FC59A00E79935 /* CustomAnimationController.h */,
				AE1BCB9F1A9FC59A00E79935 /* CustomAnimationController.m */,
				AE1BCBB01A9FC8A600E79935 /* RearViewController.xib */,
				AE1BCBA51A9FC62100E79935 /* RearViewController.h */,
				AE1BCBA61A9FC62100E79935 /* RearViewController.m */,
			);
			name = Navigation;
			sourceTree = "<group>";
		};
		AE1BCBBF1A9FCF0000E79935 /* Classes */ = {
			isa = PBXGroup;
			children = (
				AE18C4B71A8CB5F500B96570 /* Models */,
			);
			name = Classes;
			sourceTree = "<group>";
		};
		AE1BCBD21A9FDC2500E79935 /* icons */ = {
			isa = PBXGroup;
			children = (
				AE1BCBD31A9FDC3300E79935 /* Icon-60.png */,
				AE1BCBD41A9FDC3300E79935 /* Icon-60@2x.png */,
				AE1BCBD51A9FDC3300E79935 /* Icon-60@3x.png */,
				AE1BCBD61A9FDC3300E79935 /* Icon-72.png */,
				AE1BCBD71A9FDC3300E79935 /* Icon-72@2x.png */,
				AE1BCBD81A9FDC3300E79935 /* Icon-76.png */,
				AE1BCBD91A9FDC3300E79935 /* Icon-76@2x.png */,
				AE1BCBDA1A9FDC3300E79935 /* Icon-76@3x.png */,
				AE1BCBDB1A9FDC3300E79935 /* Icon-Small-50.png */,
				AE1BCBDC1A9FDC3300E79935 /* Icon-Small-50@2x.png */,
				AE1BCBDD1A9FDC3300E79935 /* Icon-Small.png */,
				AE1BCBDE1A9FDC3300E79935 /* Icon-Small@2x.png */,
				AE1BCBDF1A9FDC3300E79935 /* Icon-Small@3x.png */,
				AE1BCBE01A9FDC3300E79935 /* Icon-Spotlight-40.png */,
				AE1BCBE11A9FDC3300E79935 /* Icon-Spotlight-40@2x.png */,
				AE1BCBE21A9FDC3300E79935 /* Icon-Spotlight-40@3x.png */,
				AE1BCBE31A9FDC3300E79935 /* Icon.png */,
				AE1BCBE41A9FDC3300E79935 /* Icon@2x.png */,
				AE1BCBE51A9FDC3300E79935 /* iTunesArtwork */,
				AE1BCBE61A9FDC3300E79935 /* iTunesArtwork@2x */,
			);
			name = icons;
			sourceTree = "<group>";
		};
		AE7003D71C4CF9C600556EF6 /* PostList */ = {
			isa = PBXGroup;
			children = (
				AE7003CB1C4CF99300556EF6 /* PostListViewController.h */,
				AE7003CC1C4CF99300556EF6 /* PostListViewController.m */,
				AE7003CD1C4CF99300556EF6 /* PostListViewController.xib */,
				AE7003CE1C4CF99300556EF6 /* PostViewCell.h */,
				AE7003CF1C4CF99300556EF6 /* PostViewCell.m */,
				AE7003D01C4CF99300556EF6 /* PostViewCell.xib */,
			);
			name = PostList;
			sourceTree = "<group>";
		};
		AEA0568D1AA4F7F1003E095F /* TwitterList */ = {
			isa = PBXGroup;
			children = (
				AE1BCBC21A9FCF6300E79935 /* TwitterViewController.xib */,
				AE1BCBC01A9FCF6300E79935 /* TwitterViewController.h */,
				AE1BCBC11A9FCF6300E79935 /* TwitterViewController.m */,
				AEA0568E1AA4F82B003E095F /* TwitterViewCell.h */,
				AEA0568F1AA4F82B003E095F /* TwitterViewCell.m */,
				AEA056901AA4F82B003E095F /* TwitterViewCell.xib */,
				AEF3AB011AB1F7E700B2C6A9 /* TweetLinkViewController.h */,
				AEF3AB021AB1F7E700B2C6A9 /* TweetLinkViewController.m */,
				AEF3AB031AB1F7E700B2C6A9 /* TweetLinkViewController.xib */,
			);
			name = TwitterList;
			sourceTree = "<group>";
		};
		AEB4482A1A9E427700A92D09 /* CoreApp */ = {
			isa = PBXGroup;
			children = (
				AEF8BC471A7CEC8A007241DC /* AppDelegate.h */,
				AEF8BC481A7CEC8A007241DC /* AppDelegate.m */,
				AEF8BC551A7CEC8A007241DC /* LaunchScreen.xib */,
				AEF520971A9E2C7600C05D84 /* MTConfiguration.m */,
				AEF520961A9E2C7600C05D84 /* MTConfiguration.h */,
			);
			name = CoreApp;
			sourceTree = "<group>";
		};
		AEBA91B51C885ECD00708484 /* Gallery */ = {
			isa = PBXGroup;
			children = (
				AEBA91B61C88641200708484 /* GalleryViewController.h */,
				AEBA91B71C88641200708484 /* GalleryViewController.m */,
			);
			name = Gallery;
			sourceTree = "<group>";
		};
		AEBBF1F31A9BE98F00B5D3F8 /* Images */ = {
			isa = PBXGroup;
			children = (
				AEEF3D181AD3F077003256FD /* plates */,
				AE49705E1ABFF41B00AF99B1 /* team-surbiton-festival.jpg */,
				AEE46FAC1ABB4A1700F52708 /* KingstonPound-small-15.png */,
				AEE46FA11AB8747600F52708 /* Navbar icons */,
				AE02BC3A1AAE0CEA0025E7CC /* splash.png */,
				AE1BCBD21A9FDC2500E79935 /* icons */,
				AE1BCBD01A9FD3CC00E79935 /* logo.jpg */,
				AE1BCBB21A9FC9C700E79935 /* reveal-icon.png */,
				AE1BCBB31A9FC9C700E79935 /* reveal-icon@2x.png */,
				AEBBF1F41A9BE9AE00B5D3F8 /* pin.png */,
			);
			name = Images;
			sourceTree = "<group>";
		};
		AEE46FA11AB8747600F52708 /* Navbar icons */ = {
			isa = PBXGroup;
			children = (
				AEAE299D1C848B5200533C60 /* Home@2x.png */,
				AEE46FAA1AB8866B00F52708 /* bell-lg-filled@2x.png */,
				AEE46FA81AB8865900F52708 /* bell-lg-outline@2x.png */,
				AEE46FA61AB8764900F52708 /* UIAccessoryButtonX@2x.png */,
				AEE46FA41AB875C000F52708 /* UIButtonBarCompose@2x.png */,
			);
			name = "Navbar icons";
			sourceTree = "<group>";
		};
		AEE46FAE1ABB4DDA00F52708 /* About */ = {
			isa = PBXGroup;
			children = (
				AEE46FCD1ABB55CC00F52708 /* AboutAppViewController.h */,
				AEE46FCE1ABB55CC00F52708 /* AboutAppViewController.m */,
				AEE46FCF1ABB55CC00F52708 /* AboutAppViewController.xib */,
				AEE46FD21ABB55E600F52708 /* AboutKingstonPoundViewController.h */,
				AEE46FD31ABB55E600F52708 /* AboutKingstonPoundViewController.m */,
				AEE46FD41ABB55E600F52708 /* AboutKingstonPoundViewController.xib */,
				AE72028E1AE5557300D2B730 /* PrivacyPolicyViewController.h */,
				AE72028F1AE5557300D2B730 /* PrivacyPolicyViewController.m */,
				AE7202901AE5557300D2B730 /* PrivacyPolicyViewController.xib */,
			);
			name = About;
			sourceTree = "<group>";
		};
		AEEE5FB91AA06E1F00CA7774 /* EventList */ = {
			isa = PBXGroup;
			children = (
				AEFF2E8C1A925ED8005DBCBB /* EventViewCell.h */,
				AEFF2E8D1A925ED8005DBCBB /* EventViewCell.m */,
				AEFF2E8E1A925ED8005DBCBB /* EventViewCell.xib */,
				AEB9DB271A90A956008C6329 /* EventViewController.h */,
				AE1BCBCD1A9FD0A400E79935 /* EventListViewController.xib */,
				AEB9DB281A90A956008C6329 /* EventViewController.m */,
				AEB9DB291A90A956008C6329 /* EventViewController.xib */,
				AE1BCBCB1A9FD0A400E79935 /* EventListViewController.h */,
				AE1BCBCC1A9FD0A400E79935 /* EventListViewController.m */,
				AEBFA55E1AB3632800B25A11 /* VenueViewController.h */,
				AEBFA55F1AB3632800B25A11 /* VenueViewController.m */,
				AEBFA5601AB3632800B25A11 /* VenueViewController.xib */,
			);
			name = EventList;
			sourceTree = "<group>";
		};
		AEEF3D181AD3F077003256FD /* plates */ = {
			isa = PBXGroup;
			children = (
				AEC4253D1AD913ED0021049E /* cutlery_chopsticks.png */,
				AEC4253E1AD913ED0021049E /* cutlery_knife.png */,
				AEC4253F1AD913ED0021049E /* cutlery_fork.png */,
				AEC425401AD913ED0021049E /* cutlery_spoon.png */,
				AEC425411AD913ED0021049E /* cutlery_teaspoon.png */,
				AEEF3D191AD3F096003256FD /* blue-plate.png */,
				AEEF3D1A1AD3F096003256FD /* Cloth-BG-Green.png */,
				AEEF3D1B1AD3F096003256FD /* green-plate.png */,
				AEEF3D1C1AD3F096003256FD /* indigo-plate.png */,
				AEEF3D1D1AD3F096003256FD /* magenta-plate.png */,
				AEEF3D1E1AD3F096003256FD /* orange-plate.png */,
				AEEF3D1F1AD3F096003256FD /* red-plate.png */,
				AEEF3D201AD3F096003256FD /* SFF-Logo-700-shadow.png */,
				AEEF3D211AD3F096003256FD /* white-plate.png */,
				AEEF3D221AD3F096003256FD /* yellow-plate.png */,
			);
			name = plates;
			sourceTree = "<group>";
		};
		AEF3AB091AB4576C00B2C6A9 /* TraderList */ = {
			isa = PBXGroup;
			children = (
				AEF3AB1E1AB45D1400B2C6A9 /* TraderListViewController.h */,
				AEF3AB1F1AB45D1400B2C6A9 /* TraderListViewController.m */,
				AEF3AB201AB45D1400B2C6A9 /* TraderListViewController.xib */,
				AEF3AB231AB45D5200B2C6A9 /* TraderViewCell.h */,
				AEF3AB241AB45D5200B2C6A9 /* TraderViewCell.m */,
				AEF3AB251AB45D5200B2C6A9 /* TraderViewCell.xib */,
				AEF3AB2E1AB462E100B2C6A9 /* TraderViewController.h */,
				AEF3AB2F1AB462E100B2C6A9 /* TraderViewController.m */,
				AEF3AB301AB462E100B2C6A9 /* TraderViewController.xib */,
			);
			name = TraderList;
			sourceTree = "<group>";
		};
		AEF8BC371A7CEC8A007241DC = {
			isa = PBXGroup;
			children = (
				AEAE29A11C8839B000533C60 /* Podfile */,
				AE19E59E1AC18A2B00B3F69F /* SystemConfiguration.framework */,
				AEF3AAEC1AAFABA200B2C6A9 /* FacebookSDK.framework */,
				AE1BCBB61A9FCA4D00E79935 /* CoreGraphics.framework */,
				AE1BCBA81A9FC77200E79935 /* UIKit.framework */,
				AE9369F31A9BC5E300F15869 /* MapKit.framework */,
				AEED6CCB1A939DB700B8D84B /* Social.framework */,
				AEF8BC421A7CEC8A007241DC /* Surbiton Food Festival */,
				AEF8BC5F1A7CEC8A007241DC /* Surbiton Food FestivalTests */,
				AEF8BC411A7CEC8A007241DC /* Products */,
				B8B0060A1676D8F8C79563F3 /* Pods */,
				742685F13202720A629598A2 /* Frameworks */,
			);
			sourceTree = "<group>";
		};
		AEF8BC411A7CEC8A007241DC /* Products */ = {
			isa = PBXGroup;
			children = (
				AEF8BC401A7CEC8A007241DC /* Surbiton Food Festival.app */,
				AEF8BC5C1A7CEC8A007241DC /* Surbiton Food FestivalTests.xctest */,
			);
			name = Products;
			sourceTree = "<group>";
		};
		AEF8BC421A7CEC8A007241DC /* Surbiton Food Festival */ = {
			isa = PBXGroup;
			children = (
				AEBA91B51C885ECD00708484 /* Gallery */,
				AE7003D71C4CF9C600556EF6 /* PostList */,
				AEE46FAE1ABB4DDA00F52708 /* About */,
				AEF3AB091AB4576C00B2C6A9 /* TraderList */,
				AEA0568D1AA4F7F1003E095F /* TwitterList */,
				AE1382671AA142DE00714884 /* VoucherList */,
				AEEE5FB91AA06E1F00CA7774 /* EventList */,
				AE1BCBBF1A9FCF0000E79935 /* Classes */,
				AE1BCBBD1A9FCEB100E79935 /* Front Page */,
				AEB4482A1A9E427700A92D09 /* CoreApp */,
				AEBBF1F31A9BE98F00B5D3F8 /* Images */,
				AEF8BC531A7CEC8A007241DC /* Images.xcassets */,
				AEF8BC431A7CEC8A007241DC /* Supporting Files */,
			);
			path = "Surbiton Food Festival";
			sourceTree = "<group>";
		};
		AEF8BC431A7CEC8A007241DC /* Supporting Files */ = {
			isa = PBXGroup;
			children = (
				AE1BCB9A1A9FAFAA00E79935 /* SWRevealViewController */,
				AEF8BC441A7CEC8A007241DC /* Info.plist */,
				AEF8BC451A7CEC8A007241DC /* main.m */,
				AEF520941A9E2C1000C05D84 /* Configurations.plist */,
			);
			name = "Supporting Files";
			sourceTree = "<group>";
		};
		AEF8BC5F1A7CEC8A007241DC /* Surbiton Food FestivalTests */ = {
			isa = PBXGroup;
			children = (
				AEF8BC621A7CEC8A007241DC /* Surbiton_Food_FestivalTests.m */,
				AEF8BC601A7CEC8A007241DC /* Supporting Files */,
			);
			path = "Surbiton Food FestivalTests";
			sourceTree = "<group>";
		};
		AEF8BC601A7CEC8A007241DC /* Supporting Files */ = {
			isa = PBXGroup;
			children = (
				AEF8BC611A7CEC8A007241DC /* Info.plist */,
			);
			name = "Supporting Files";
			sourceTree = "<group>";
		};
		B8B0060A1676D8F8C79563F3 /* Pods */ = {
			isa = PBXGroup;
			children = (
				CB4E3AA4C49890EF5DEC5516 /* Pods-Surbiton Food Festival.debug.xcconfig */,
				86F5681239063F50355849AC /* Pods-Surbiton Food Festival.production.xcconfig */,
				A711FD2F296F14C67B518ABC /* Pods-Surbiton Food Festival.development.xcconfig */,
				216CA38FD346A39C991929E0 /* Pods-Surbiton Food Festival.release.xcconfig */,
			);
			name = Pods;
			sourceTree = "<group>";
		};
/* End PBXGroup section */

/* Begin PBXNativeTarget section */
		AEF8BC3F1A7CEC8A007241DC /* Surbiton Food Festival */ = {
			isa = PBXNativeTarget;
			buildConfigurationList = AEF8BC661A7CEC8A007241DC /* Build configuration list for PBXNativeTarget "Surbiton Food Festival" */;
			buildPhases = (
				4FAAED42C554D8B782299B45 /* Check Pods Manifest.lock */,
				AEF8BC3C1A7CEC8A007241DC /* Sources */,
				AEF8BC3D1A7CEC8A007241DC /* Frameworks */,
				AEF8BC3E1A7CEC8A007241DC /* Resources */,
				346D571FD590A8DB05086CAE /* Embed Pods Frameworks */,
				8B535B7972A4B203CEB8BBD7 /* Copy Pods Resources */,
			);
			buildRules = (
			);
			dependencies = (
			);
			name = "Surbiton Food Festival";
			productName = "Surbiton Food Festival";
			productReference = AEF8BC401A7CEC8A007241DC /* Surbiton Food Festival.app */;
			productType = "com.apple.product-type.application";
		};
		AEF8BC5B1A7CEC8A007241DC /* Surbiton Food FestivalTests */ = {
			isa = PBXNativeTarget;
			buildConfigurationList = AEF8BC691A7CEC8A007241DC /* Build configuration list for PBXNativeTarget "Surbiton Food FestivalTests" */;
			buildPhases = (
				AEF8BC581A7CEC8A007241DC /* Sources */,
				AEF8BC591A7CEC8A007241DC /* Frameworks */,
				AEF8BC5A1A7CEC8A007241DC /* Resources */,
			);
			buildRules = (
			);
			dependencies = (
				AEF8BC5E1A7CEC8A007241DC /* PBXTargetDependency */,
			);
			name = "Surbiton Food FestivalTests";
			productName = "Surbiton Food FestivalTests";
			productReference = AEF8BC5C1A7CEC8A007241DC /* Surbiton Food FestivalTests.xctest */;
			productType = "com.apple.product-type.bundle.unit-test";
		};
/* End PBXNativeTarget section */

/* Begin PBXProject section */
		AEF8BC381A7CEC8A007241DC /* Project object */ = {
			isa = PBXProject;
			attributes = {
				LastUpgradeCheck = 0720;
				ORGANIZATIONNAME = "Spirit of Seething";
				TargetAttributes = {
					AEF8BC3F1A7CEC8A007241DC = {
						CreatedOnToolsVersion = 6.1.1;
						DevelopmentTeam = EAE6QP8NKM;
						SystemCapabilities = {
							com.apple.InAppPurchase = {
								enabled = 0;
							};
							com.apple.Maps.iOS = {
								enabled = 1;
							};
						};
					};
					AEF8BC5B1A7CEC8A007241DC = {
						CreatedOnToolsVersion = 6.1.1;
						TestTargetID = AEF8BC3F1A7CEC8A007241DC;
					};
				};
			};
			buildConfigurationList = AEF8BC3B1A7CEC8A007241DC /* Build configuration list for PBXProject "Surbiton Food Festival" */;
			compatibilityVersion = "Xcode 3.2";
			developmentRegion = English;
			hasScannedForEncodings = 0;
			knownRegions = (
				en,
				Base,
			);
			mainGroup = AEF8BC371A7CEC8A007241DC;
			productRefGroup = AEF8BC411A7CEC8A007241DC /* Products */;
			projectDirPath = "";
			projectRoot = "";
			targets = (
				AEF8BC3F1A7CEC8A007241DC /* Surbiton Food Festival */,
				AEF8BC5B1A7CEC8A007241DC /* Surbiton Food FestivalTests */,
			);
		};
/* End PBXProject section */

/* Begin PBXResourcesBuildPhase section */
		AEF8BC3E1A7CEC8A007241DC /* Resources */ = {
			isa = PBXResourcesBuildPhase;
			buildActionMask = 2147483647;
			files = (
				AE7003D61C4CF99300556EF6 /* PostViewCell.xib in Resources */,
				AEF3AB221AB45D1400B2C6A9 /* TraderListViewController.xib in Resources */,
				AEEF3D271AD3F096003256FD /* magenta-plate.png in Resources */,
				AEC425441AD913ED0021049E /* cutlery_fork.png in Resources */,
				AEBFA5621AB3632800B25A11 /* VenueViewController.xib in Resources */,
				AE7003D41C4CF99300556EF6 /* PostListViewController.xib in Resources */,
				AE1BCBC41A9FCF6300E79935 /* TwitterViewController.xib in Resources */,
				AE1BCBD11A9FD3CC00E79935 /* logo.jpg in Resources */,
				AE1BCBEB1A9FDC3300E79935 /* Icon-72@2x.png in Resources */,
				AEE46FAD1ABB4A1700F52708 /* KingstonPound-small-15.png in Resources */,
				AEE46FD61ABB55E600F52708 /* AboutKingstonPoundViewController.xib in Resources */,
				AEB9DB2B1A90A956008C6329 /* EventViewController.xib in Resources */,
				AE1BCBF71A9FDC3300E79935 /* Icon.png in Resources */,
				AEF8BC571A7CEC8A007241DC /* LaunchScreen.xib in Resources */,
				AEEF3D261AD3F096003256FD /* indigo-plate.png in Resources */,
				AEEF3D2A1AD3F096003256FD /* SFF-Logo-700-shadow.png in Resources */,
				AE1BCBB51A9FC9C700E79935 /* reveal-icon@2x.png in Resources */,
				AE02BC3B1AAE0CEA0025E7CC /* splash.png in Resources */,
				AEBBF1F51A9BE9AE00B5D3F8 /* pin.png in Resources */,
				AE1BCBF61A9FDC3300E79935 /* Icon-Spotlight-40@3x.png in Resources */,
				AEC425451AD913ED0021049E /* cutlery_spoon.png in Resources */,
				AE1BCBE91A9FDC3300E79935 /* Icon-60@3x.png in Resources */,
				AEEF3D231AD3F096003256FD /* blue-plate.png in Resources */,
				AEF520951A9E2C1000C05D84 /* Configurations.plist in Resources */,
				AEAE299E1C848B5200533C60 /* Home@2x.png in Resources */,
				AEE46FA91AB8865900F52708 /* bell-lg-outline@2x.png in Resources */,
				AE1BCBEE1A9FDC3300E79935 /* Icon-76@3x.png in Resources */,
				AE1BCBCF1A9FD0A400E79935 /* EventListViewController.xib in Resources */,
				AE1BCBF21A9FDC3300E79935 /* Icon-Small@2x.png in Resources */,
				AEEF3D241AD3F096003256FD /* Cloth-BG-Green.png in Resources */,
				AE1BCBE81A9FDC3300E79935 /* Icon-60@2x.png in Resources */,
				AE8D13631AA14B1900166951 /* VoucherListCell.xib in Resources */,
				AEF3AB321AB462E100B2C6A9 /* TraderViewController.xib in Resources */,
				AE1BCBF81A9FDC3300E79935 /* Icon@2x.png in Resources */,
				AE49705F1ABFF41B00AF99B1 /* team-surbiton-festival.jpg in Resources */,
				AEEF3D291AD3F096003256FD /* red-plate.png in Resources */,
				AEF8BC541A7CEC8A007241DC /* Images.xcassets in Resources */,
				AE1BCBF41A9FDC3300E79935 /* Icon-Spotlight-40.png in Resources */,
				AE1BCBF51A9FDC3300E79935 /* Icon-Spotlight-40@2x.png in Resources */,
				AEE46FD11ABB55CC00F52708 /* AboutAppViewController.xib in Resources */,
				AEE46FA51AB875C000F52708 /* UIButtonBarCompose@2x.png in Resources */,
				AEAE29A21C8839B000533C60 /* Podfile in Resources */,
				AEF3AB271AB45D5200B2C6A9 /* TraderViewCell.xib in Resources */,
				AEC425431AD913ED0021049E /* cutlery_knife.png in Resources */,
				AE8D13721AA14DBE00166951 /* VoucherListViewController.xib in Resources */,
				AE1BCBEA1A9FDC3300E79935 /* Icon-72.png in Resources */,
				AE1BCBE71A9FDC3300E79935 /* Icon-60.png in Resources */,
				AE1BCBF11A9FDC3300E79935 /* Icon-Small.png in Resources */,
				AEEF3D3B1AD5B17E003256FD /* HomeViewController.xib in Resources */,
				AE1BCBED1A9FDC3300E79935 /* Icon-76@2x.png in Resources */,
				AE1BCBB11A9FC8A600E79935 /* RearViewController.xib in Resources */,
				AEE46FA71AB8764900F52708 /* UIAccessoryButtonX@2x.png in Resources */,
				AEEF3D251AD3F096003256FD /* green-plate.png in Resources */,
				AE1BCBEC1A9FDC3300E79935 /* Icon-76.png in Resources */,
				AEF3AB051AB1F7E700B2C6A9 /* TweetLinkViewController.xib in Resources */,
				AEEF3D281AD3F096003256FD /* orange-plate.png in Resources */,
				AEC425421AD913ED0021049E /* cutlery_chopsticks.png in Resources */,
				AE1BCBEF1A9FDC3300E79935 /* Icon-Small-50.png in Resources */,
				AE2521E81AA20040006A442A /* VoucherViewController.xib in Resources */,
				AEEF3D2C1AD3F096003256FD /* yellow-plate.png in Resources */,
				AEA056921AA4F82B003E095F /* TwitterViewCell.xib in Resources */,
				AEC425461AD913ED0021049E /* cutlery_teaspoon.png in Resources */,
				AE1BCBF01A9FDC3300E79935 /* Icon-Small-50@2x.png in Resources */,
				AE1BCBFA1A9FDC3300E79935 /* iTunesArtwork@2x in Resources */,
				AEFF2E901A925ED8005DBCBB /* EventViewCell.xib in Resources */,
				AEE46FAB1AB8866B00F52708 /* bell-lg-filled@2x.png in Resources */,
				AEEF3D2B1AD3F096003256FD /* white-plate.png in Resources */,
				AE1BCBF31A9FDC3300E79935 /* Icon-Small@3x.png in Resources */,
				AE1BCBB41A9FC9C700E79935 /* reveal-icon.png in Resources */,
				AE7202921AE5557300D2B730 /* PrivacyPolicyViewController.xib in Resources */,
				AE1BCBF91A9FDC3300E79935 /* iTunesArtwork in Resources */,
			);
			runOnlyForDeploymentPostprocessing = 0;
		};
		AEF8BC5A1A7CEC8A007241DC /* Resources */ = {
			isa = PBXResourcesBuildPhase;
			buildActionMask = 2147483647;
			files = (
			);
			runOnlyForDeploymentPostprocessing = 0;
		};
/* End PBXResourcesBuildPhase section */

/* Begin PBXShellScriptBuildPhase section */
		346D571FD590A8DB05086CAE /* Embed Pods Frameworks */ = {
			isa = PBXShellScriptBuildPhase;
			buildActionMask = 2147483647;
			files = (
			);
			inputPaths = (
			);
			name = "Embed Pods Frameworks";
			outputPaths = (
			);
			runOnlyForDeploymentPostprocessing = 0;
			shellPath = /bin/sh;
			shellScript = "\"${SRCROOT}/Pods/Target Support Files/Pods-Surbiton Food Festival/Pods-Surbiton Food Festival-frameworks.sh\"\n";
			showEnvVarsInLog = 0;
		};
		4FAAED42C554D8B782299B45 /* Check Pods Manifest.lock */ = {
			isa = PBXShellScriptBuildPhase;
			buildActionMask = 2147483647;
			files = (
			);
			inputPaths = (
			);
			name = "Check Pods Manifest.lock";
			outputPaths = (
			);
			runOnlyForDeploymentPostprocessing = 0;
			shellPath = /bin/sh;
			shellScript = "diff \"${PODS_ROOT}/../Podfile.lock\" \"${PODS_ROOT}/Manifest.lock\" > /dev/null\nif [[ $? != 0 ]] ; then\n    cat << EOM\nerror: The sandbox is not in sync with the Podfile.lock. Run 'pod install' or update your CocoaPods installation.\nEOM\n    exit 1\nfi\n";
			showEnvVarsInLog = 0;
		};
		8B535B7972A4B203CEB8BBD7 /* Copy Pods Resources */ = {
			isa = PBXShellScriptBuildPhase;
			buildActionMask = 2147483647;
			files = (
			);
			inputPaths = (
			);
			name = "Copy Pods Resources";
			outputPaths = (
			);
			runOnlyForDeploymentPostprocessing = 0;
			shellPath = /bin/sh;
			shellScript = "\"${SRCROOT}/Pods/Target Support Files/Pods-Surbiton Food Festival/Pods-Surbiton Food Festival-resources.sh\"\n";
			showEnvVarsInLog = 0;
		};
/* End PBXShellScriptBuildPhase section */

/* Begin PBXSourcesBuildPhase section */
		AEF8BC3C1A7CEC8A007241DC /* Sources */ = {
			isa = PBXSourcesBuildPhase;
			buildActionMask = 2147483647;
			files = (
				AE9369FD1A9BCC3400F15869 /* Venue.m in Sources */,
				AE7003D51C4CF99300556EF6 /* PostViewCell.m in Sources */,
				AE1382631AA1422B00714884 /* Voucher.m in Sources */,
				AEF3AB2D1AB45D9000B2C6A9 /* TraderBuilder.m in Sources */,
				AEFF2E8F1A925ED8005DBCBB /* EventViewCell.m in Sources */,
				AE1382661AA1426D00714884 /* VoucherBuilder.m in Sources */,
				AE1BCBA01A9FC59A00E79935 /* CustomAnimationController.m in Sources */,
				AE1BCBCE1A9FD0A400E79935 /* EventListViewController.m in Sources */,
				AEF3AB2A1AB45D8000B2C6A9 /* Trader.m in Sources */,
				AEF3AB211AB45D1400B2C6A9 /* TraderListViewController.m in Sources */,
				AEB9DB311A90C564008C6329 /* Tweet.m in Sources */,
				AE1BCBC31A9FCF6300E79935 /* TwitterViewController.m in Sources */,
				AEE46FD01ABB55CC00F52708 /* AboutAppViewController.m in Sources */,
				AEB9DB2E1A90C559008C6329 /* TweetBuilder.m in Sources */,
				AEF3AB311AB462E100B2C6A9 /* TraderViewController.m in Sources */,
				AE7202911AE5557300D2B730 /* PrivacyPolicyViewController.m in Sources */,
				AEEF3D3A1AD5B17E003256FD /* HomeViewController.m in Sources */,
				AE8D13621AA14B1900166951 /* VoucherListCell.m in Sources */,
				AE7003D31C4CF99300556EF6 /* PostListViewController.m in Sources */,
				AE2521E71AA20040006A442A /* VoucherViewController.m in Sources */,
				AE8D13711AA14DBE00166951 /* VoucherListViewController.m in Sources */,
				AE1BCBA71A9FC62100E79935 /* RearViewController.m in Sources */,
				AEF8BC491A7CEC8A007241DC /* AppDelegate.m in Sources */,
				AE18C4C51A8CBC3700B96570 /* Event.m in Sources */,
				AEB9DB2A1A90A956008C6329 /* EventViewController.m in Sources */,
				AEF3AB041AB1F7E700B2C6A9 /* TweetLinkViewController.m in Sources */,
				AEA056911AA4F82B003E095F /* TwitterViewCell.m in Sources */,
				AE9369FA1A9BCBC000F15869 /* VenueBuilder.m in Sources */,
				AEF3AB261AB45D5200B2C6A9 /* TraderViewCell.m in Sources */,
				AE1BCB9D1A9FAFAA00E79935 /* SWRevealViewController.m in Sources */,
				AEF8BC461A7CEC8A007241DC /* main.m in Sources */,
				AEBA91B91C88641200708484 /* GalleryViewController.m in Sources */,
				AE18C4C21A8CBBB200B96570 /* EventBuilder.m in Sources */,
				AEF520981A9E2C7600C05D84 /* MTConfiguration.m in Sources */,
				AE7003D11C4CF99300556EF6 /* Post.m in Sources */,
				AEE46FD51ABB55E600F52708 /* AboutKingstonPoundViewController.m in Sources */,
				AEBFA5611AB3632800B25A11 /* VenueViewController.m in Sources */,
				AE7003D21C4CF99300556EF6 /* PostBuilder.m in Sources */,
			);
			runOnlyForDeploymentPostprocessing = 0;
		};
		AEF8BC581A7CEC8A007241DC /* Sources */ = {
			isa = PBXSourcesBuildPhase;
			buildActionMask = 2147483647;
			files = (
				AEF8BC631A7CEC8A007241DC /* Surbiton_Food_FestivalTests.m in Sources */,
			);
			runOnlyForDeploymentPostprocessing = 0;
		};
/* End PBXSourcesBuildPhase section */

/* Begin PBXTargetDependency section */
		AEF8BC5E1A7CEC8A007241DC /* PBXTargetDependency */ = {
			isa = PBXTargetDependency;
			target = AEF8BC3F1A7CEC8A007241DC /* Surbiton Food Festival */;
			targetProxy = AEF8BC5D1A7CEC8A007241DC /* PBXContainerItemProxy */;
		};
/* End PBXTargetDependency section */

/* Begin PBXVariantGroup section */
		AEF8BC551A7CEC8A007241DC /* LaunchScreen.xib */ = {
			isa = PBXVariantGroup;
			children = (
				AEF8BC561A7CEC8A007241DC /* Base */,
			);
			name = LaunchScreen.xib;
			sourceTree = "<group>";
		};
/* End PBXVariantGroup section */

/* Begin XCBuildConfiguration section */
		AEF5208E1A9E2B4600C05D84 /* Development */ = {
			isa = XCBuildConfiguration;
			buildSettings = {
				ALWAYS_SEARCH_USER_PATHS = NO;
				CLANG_CXX_LANGUAGE_STANDARD = "gnu++0x";
				CLANG_CXX_LIBRARY = "libc++";
				CLANG_ENABLE_MODULES = YES;
				CLANG_ENABLE_OBJC_ARC = YES;
				CLANG_WARN_BOOL_CONVERSION = YES;
				CLANG_WARN_CONSTANT_CONVERSION = YES;
				CLANG_WARN_DIRECT_OBJC_ISA_USAGE = YES_ERROR;
				CLANG_WARN_EMPTY_BODY = YES;
				CLANG_WARN_ENUM_CONVERSION = YES;
				CLANG_WARN_INT_CONVERSION = YES;
				CLANG_WARN_OBJC_ROOT_CLASS = YES_ERROR;
				CLANG_WARN_UNREACHABLE_CODE = YES;
				CLANG_WARN__DUPLICATE_METHOD_MATCH = YES;
				"CODE_SIGN_IDENTITY[sdk=iphoneos*]" = "iPhone Developer";
				COPY_PHASE_STRIP = NO;
				ENABLE_STRICT_OBJC_MSGSEND = YES;
				ENABLE_TESTABILITY = YES;
				GCC_C_LANGUAGE_STANDARD = gnu99;
				GCC_DYNAMIC_NO_PIC = NO;
				GCC_OPTIMIZATION_LEVEL = 0;
				GCC_PREPROCESSOR_DEFINITIONS = (
					"DEBUG=1",
					"$(inherited)",
				);
				GCC_SYMBOLS_PRIVATE_EXTERN = NO;
				GCC_WARN_64_TO_32_BIT_CONVERSION = YES;
				GCC_WARN_ABOUT_RETURN_TYPE = YES_ERROR;
				GCC_WARN_UNDECLARED_SELECTOR = YES;
				GCC_WARN_UNINITIALIZED_AUTOS = YES_AGGRESSIVE;
				GCC_WARN_UNUSED_FUNCTION = YES;
				GCC_WARN_UNUSED_VARIABLE = YES;
				IPHONEOS_DEPLOYMENT_TARGET = 6.0;
				MTL_ENABLE_DEBUG_INFO = YES;
				ONLY_ACTIVE_ARCH = YES;
				SDKROOT = iphoneos;
			};
			name = Development;
		};
		AEF5208F1A9E2B4600C05D84 /* Development */ = {
			isa = XCBuildConfiguration;
			baseConfigurationReference = A711FD2F296F14C67B518ABC /* Pods-Surbiton Food Festival.development.xcconfig */;
			buildSettings = {
				ASSETCATALOG_COMPILER_APPICON_NAME = AppIcon;
				ASSETCATALOG_COMPILER_LAUNCHIMAGE_NAME = "Brand Assets";
				CODE_SIGN_IDENTITY = "iPhone Developer";
				"CODE_SIGN_IDENTITY[sdk=iphoneos*]" = "iPhone Developer";
				ENABLE_BITCODE = NO;
				FRAMEWORK_SEARCH_PATHS = (
					"$(inherited)",
					"$(PROJECT_DIR)",
					/Users/loz/Documents/FacebookSDK,
				);
				INFOPLIST_FILE = "Surbiton Food Festival/Info.plist";
				IPHONEOS_DEPLOYMENT_TARGET = 7.0;
				LD_RUNPATH_SEARCH_PATHS = "$(inherited) @executable_path/Frameworks";
				LIBRARY_SEARCH_PATHS = "";
				PRODUCT_BUNDLE_IDENTIFIER = "spirit-of-seething.$(PRODUCT_NAME:rfc1034identifier)";
				PRODUCT_NAME = "$(TARGET_NAME)";
				PROVISIONING_PROFILE = "";
			};
			name = Development;
		};
		AEF520901A9E2B4600C05D84 /* Development */ = {
			isa = XCBuildConfiguration;
			buildSettings = {
				BUNDLE_LOADER = "$(TEST_HOST)";
				FRAMEWORK_SEARCH_PATHS = (
					"$(SDKROOT)/Developer/Library/Frameworks",
					"$(inherited)",
				);
				GCC_PREPROCESSOR_DEFINITIONS = (
					"DEBUG=1",
					"$(inherited)",
				);
				INFOPLIST_FILE = "Surbiton Food FestivalTests/Info.plist";
				LD_RUNPATH_SEARCH_PATHS = "$(inherited) @executable_path/Frameworks @loader_path/Frameworks";
				PRODUCT_BUNDLE_IDENTIFIER = "spirit-of-seething.$(PRODUCT_NAME:rfc1034identifier)";
				PRODUCT_NAME = "$(TARGET_NAME)";
				TEST_HOST = "$(BUILT_PRODUCTS_DIR)/Surbiton Food Festival.app/Surbiton Food Festival";
			};
			name = Development;
		};
		AEF520911A9E2B5500C05D84 /* Production */ = {
			isa = XCBuildConfiguration;
			buildSettings = {
				ALWAYS_SEARCH_USER_PATHS = NO;
				CLANG_CXX_LANGUAGE_STANDARD = "gnu++0x";
				CLANG_CXX_LIBRARY = "libc++";
				CLANG_ENABLE_MODULES = YES;
				CLANG_ENABLE_OBJC_ARC = YES;
				CLANG_WARN_BOOL_CONVERSION = YES;
				CLANG_WARN_CONSTANT_CONVERSION = YES;
				CLANG_WARN_DIRECT_OBJC_ISA_USAGE = YES_ERROR;
				CLANG_WARN_EMPTY_BODY = YES;
				CLANG_WARN_ENUM_CONVERSION = YES;
				CLANG_WARN_INT_CONVERSION = YES;
				CLANG_WARN_OBJC_ROOT_CLASS = YES_ERROR;
				CLANG_WARN_UNREACHABLE_CODE = YES;
				CLANG_WARN__DUPLICATE_METHOD_MATCH = YES;
				"CODE_SIGN_IDENTITY[sdk=iphoneos*]" = "iPhone Developer";
				COPY_PHASE_STRIP = NO;
				ENABLE_STRICT_OBJC_MSGSEND = YES;
				GCC_C_LANGUAGE_STANDARD = gnu99;
				GCC_DYNAMIC_NO_PIC = NO;
				GCC_OPTIMIZATION_LEVEL = 0;
				GCC_PREPROCESSOR_DEFINITIONS = (
					"DEBUG=1",
					"$(inherited)",
				);
				GCC_SYMBOLS_PRIVATE_EXTERN = NO;
				GCC_WARN_64_TO_32_BIT_CONVERSION = YES;
				GCC_WARN_ABOUT_RETURN_TYPE = YES_ERROR;
				GCC_WARN_UNDECLARED_SELECTOR = YES;
				GCC_WARN_UNINITIALIZED_AUTOS = YES_AGGRESSIVE;
				GCC_WARN_UNUSED_FUNCTION = YES;
				GCC_WARN_UNUSED_VARIABLE = YES;
				IPHONEOS_DEPLOYMENT_TARGET = 6.0;
				MTL_ENABLE_DEBUG_INFO = YES;
				ONLY_ACTIVE_ARCH = YES;
				SDKROOT = iphoneos;
			};
			name = Production;
		};
		AEF520921A9E2B5500C05D84 /* Production */ = {
			isa = XCBuildConfiguration;
			baseConfigurationReference = 86F5681239063F50355849AC /* Pods-Surbiton Food Festival.production.xcconfig */;
			buildSettings = {
				ASSETCATALOG_COMPILER_APPICON_NAME = AppIcon;
				ASSETCATALOG_COMPILER_LAUNCHIMAGE_NAME = "Brand Assets";
				CODE_SIGN_IDENTITY = "iPhone Developer";
				"CODE_SIGN_IDENTITY[sdk=iphoneos*]" = "iPhone Developer";
				ENABLE_BITCODE = NO;
				FRAMEWORK_SEARCH_PATHS = (
					"$(inherited)",
					"$(PROJECT_DIR)",
					/Users/loz/Documents/FacebookSDK,
				);
				INFOPLIST_FILE = "Surbiton Food Festival/Info.plist";
				IPHONEOS_DEPLOYMENT_TARGET = 7.0;
				LD_RUNPATH_SEARCH_PATHS = "$(inherited) @executable_path/Frameworks";
				LIBRARY_SEARCH_PATHS = "";
				ONLY_ACTIVE_ARCH = NO;
				PRODUCT_BUNDLE_IDENTIFIER = "spirit-of-seething.$(PRODUCT_NAME:rfc1034identifier)";
				PRODUCT_NAME = "$(TARGET_NAME)";
				PROVISIONING_PROFILE = "";
			};
			name = Production;
		};
		AEF520931A9E2B5500C05D84 /* Production */ = {
			isa = XCBuildConfiguration;
			buildSettings = {
				BUNDLE_LOADER = "$(TEST_HOST)";
				FRAMEWORK_SEARCH_PATHS = (
					"$(SDKROOT)/Developer/Library/Frameworks",
					"$(inherited)",
				);
				GCC_PREPROCESSOR_DEFINITIONS = (
					"DEBUG=1",
					"$(inherited)",
				);
				INFOPLIST_FILE = "Surbiton Food FestivalTests/Info.plist";
				LD_RUNPATH_SEARCH_PATHS = "$(inherited) @executable_path/Frameworks @loader_path/Frameworks";
				PRODUCT_BUNDLE_IDENTIFIER = "spirit-of-seething.$(PRODUCT_NAME:rfc1034identifier)";
				PRODUCT_NAME = "$(TARGET_NAME)";
				TEST_HOST = "$(BUILT_PRODUCTS_DIR)/Surbiton Food Festival.app/Surbiton Food Festival";
			};
			name = Production;
		};
		AEF8BC641A7CEC8A007241DC /* Debug */ = {
			isa = XCBuildConfiguration;
			buildSettings = {
				ALWAYS_SEARCH_USER_PATHS = NO;
				CLANG_CXX_LANGUAGE_STANDARD = "gnu++0x";
				CLANG_CXX_LIBRARY = "libc++";
				CLANG_ENABLE_MODULES = YES;
				CLANG_ENABLE_OBJC_ARC = YES;
				CLANG_WARN_BOOL_CONVERSION = YES;
				CLANG_WARN_CONSTANT_CONVERSION = YES;
				CLANG_WARN_DIRECT_OBJC_ISA_USAGE = YES_ERROR;
				CLANG_WARN_EMPTY_BODY = YES;
				CLANG_WARN_ENUM_CONVERSION = YES;
				CLANG_WARN_INT_CONVERSION = YES;
				CLANG_WARN_OBJC_ROOT_CLASS = YES_ERROR;
				CLANG_WARN_UNREACHABLE_CODE = YES;
				CLANG_WARN__DUPLICATE_METHOD_MATCH = YES;
				"CODE_SIGN_IDENTITY[sdk=iphoneos*]" = "iPhone Developer";
				COPY_PHASE_STRIP = NO;
				ENABLE_STRICT_OBJC_MSGSEND = YES;
				ENABLE_TESTABILITY = YES;
				GCC_C_LANGUAGE_STANDARD = gnu99;
				GCC_DYNAMIC_NO_PIC = NO;
				GCC_OPTIMIZATION_LEVEL = 0;
				GCC_PREPROCESSOR_DEFINITIONS = (
					"DEBUG=1",
					"$(inherited)",
				);
				GCC_SYMBOLS_PRIVATE_EXTERN = NO;
				GCC_WARN_64_TO_32_BIT_CONVERSION = YES;
				GCC_WARN_ABOUT_RETURN_TYPE = YES_ERROR;
				GCC_WARN_UNDECLARED_SELECTOR = YES;
				GCC_WARN_UNINITIALIZED_AUTOS = YES_AGGRESSIVE;
				GCC_WARN_UNUSED_FUNCTION = YES;
				GCC_WARN_UNUSED_VARIABLE = YES;
				IPHONEOS_DEPLOYMENT_TARGET = 6.0;
				MTL_ENABLE_DEBUG_INFO = YES;
				ONLY_ACTIVE_ARCH = YES;
				SDKROOT = iphoneos;
			};
			name = Debug;
		};
		AEF8BC651A7CEC8A007241DC /* Release */ = {
			isa = XCBuildConfiguration;
			buildSettings = {
				ALWAYS_SEARCH_USER_PATHS = NO;
				CLANG_CXX_LANGUAGE_STANDARD = "gnu++0x";
				CLANG_CXX_LIBRARY = "libc++";
				CLANG_ENABLE_MODULES = YES;
				CLANG_ENABLE_OBJC_ARC = YES;
				CLANG_WARN_BOOL_CONVERSION = YES;
				CLANG_WARN_CONSTANT_CONVERSION = YES;
				CLANG_WARN_DIRECT_OBJC_ISA_USAGE = YES_ERROR;
				CLANG_WARN_EMPTY_BODY = YES;
				CLANG_WARN_ENUM_CONVERSION = YES;
				CLANG_WARN_INT_CONVERSION = YES;
				CLANG_WARN_OBJC_ROOT_CLASS = YES_ERROR;
				CLANG_WARN_UNREACHABLE_CODE = YES;
				CLANG_WARN__DUPLICATE_METHOD_MATCH = YES;
				"CODE_SIGN_IDENTITY[sdk=iphoneos*]" = "iPhone Developer";
				COPY_PHASE_STRIP = YES;
				ENABLE_NS_ASSERTIONS = NO;
				ENABLE_STRICT_OBJC_MSGSEND = YES;
				GCC_C_LANGUAGE_STANDARD = gnu99;
				GCC_WARN_64_TO_32_BIT_CONVERSION = YES;
				GCC_WARN_ABOUT_RETURN_TYPE = YES_ERROR;
				GCC_WARN_UNDECLARED_SELECTOR = YES;
				GCC_WARN_UNINITIALIZED_AUTOS = YES_AGGRESSIVE;
				GCC_WARN_UNUSED_FUNCTION = YES;
				GCC_WARN_UNUSED_VARIABLE = YES;
				IPHONEOS_DEPLOYMENT_TARGET = 6.0;
				MTL_ENABLE_DEBUG_INFO = NO;
				SDKROOT = iphoneos;
				VALIDATE_PRODUCT = YES;
			};
			name = Release;
		};
		AEF8BC671A7CEC8A007241DC /* Debug */ = {
			isa = XCBuildConfiguration;
			baseConfigurationReference = CB4E3AA4C49890EF5DEC5516 /* Pods-Surbiton Food Festival.debug.xcconfig */;
			buildSettings = {
				ASSETCATALOG_COMPILER_APPICON_NAME = AppIcon;
				ASSETCATALOG_COMPILER_LAUNCHIMAGE_NAME = "Brand Assets";
				CODE_SIGN_IDENTITY = "iPhone Developer";
				"CODE_SIGN_IDENTITY[sdk=iphoneos*]" = "iPhone Developer";
				ENABLE_BITCODE = NO;
				FRAMEWORK_SEARCH_PATHS = (
					"$(inherited)",
					"$(PROJECT_DIR)",
					/Users/loz/Documents/FacebookSDK,
				);
				INFOPLIST_FILE = "Surbiton Food Festival/Info.plist";
				IPHONEOS_DEPLOYMENT_TARGET = 7.0;
				LD_RUNPATH_SEARCH_PATHS = "$(inherited) @executable_path/Frameworks";
				LIBRARY_SEARCH_PATHS = "";
				PRODUCT_BUNDLE_IDENTIFIER = "spirit-of-seething.$(PRODUCT_NAME:rfc1034identifier)";
				PRODUCT_NAME = "$(TARGET_NAME)";
				PROVISIONING_PROFILE = "";
			};
			name = Debug;
		};
		AEF8BC681A7CEC8A007241DC /* Release */ = {
			isa = XCBuildConfiguration;
			baseConfigurationReference = 216CA38FD346A39C991929E0 /* Pods-Surbiton Food Festival.release.xcconfig */;
			buildSettings = {
				ASSETCATALOG_COMPILER_APPICON_NAME = AppIcon;
				ASSETCATALOG_COMPILER_LAUNCHIMAGE_NAME = "Brand Assets";
				CODE_SIGN_IDENTITY = "iPhone Developer";
				"CODE_SIGN_IDENTITY[sdk=iphoneos*]" = "iPhone Developer";
				ENABLE_BITCODE = NO;
				FRAMEWORK_SEARCH_PATHS = (
					"$(inherited)",
					"$(PROJECT_DIR)",
					/Users/loz/Documents/FacebookSDK,
				);
				INFOPLIST_FILE = "Surbiton Food Festival/Info.plist";
				IPHONEOS_DEPLOYMENT_TARGET = 7.0;
				LD_RUNPATH_SEARCH_PATHS = "$(inherited) @executable_path/Frameworks";
				LIBRARY_SEARCH_PATHS = "";
				PRODUCT_BUNDLE_IDENTIFIER = "spirit-of-seething.$(PRODUCT_NAME:rfc1034identifier)";
				PRODUCT_NAME = "$(TARGET_NAME)";
				PROVISIONING_PROFILE = "";
			};
			name = Release;
		};
		AEF8BC6A1A7CEC8A007241DC /* Debug */ = {
			isa = XCBuildConfiguration;
			buildSettings = {
				BUNDLE_LOADER = "$(TEST_HOST)";
				FRAMEWORK_SEARCH_PATHS = (
					"$(SDKROOT)/Developer/Library/Frameworks",
					"$(inherited)",
				);
				GCC_PREPROCESSOR_DEFINITIONS = (
					"DEBUG=1",
					"$(inherited)",
				);
				INFOPLIST_FILE = "Surbiton Food FestivalTests/Info.plist";
				LD_RUNPATH_SEARCH_PATHS = "$(inherited) @executable_path/Frameworks @loader_path/Frameworks";
				PRODUCT_BUNDLE_IDENTIFIER = "spirit-of-seething.$(PRODUCT_NAME:rfc1034identifier)";
				PRODUCT_NAME = "$(TARGET_NAME)";
				TEST_HOST = "$(BUILT_PRODUCTS_DIR)/Surbiton Food Festival.app/Surbiton Food Festival";
			};
			name = Debug;
		};
		AEF8BC6B1A7CEC8A007241DC /* Release */ = {
			isa = XCBuildConfiguration;
			buildSettings = {
				BUNDLE_LOADER = "$(TEST_HOST)";
				FRAMEWORK_SEARCH_PATHS = (
					"$(SDKROOT)/Developer/Library/Frameworks",
					"$(inherited)",
				);
				INFOPLIST_FILE = "Surbiton Food FestivalTests/Info.plist";
				LD_RUNPATH_SEARCH_PATHS = "$(inherited) @executable_path/Frameworks @loader_path/Frameworks";
				PRODUCT_BUNDLE_IDENTIFIER = "spirit-of-seething.$(PRODUCT_NAME:rfc1034identifier)";
				PRODUCT_NAME = "$(TARGET_NAME)";
				TEST_HOST = "$(BUILT_PRODUCTS_DIR)/Surbiton Food Festival.app/Surbiton Food Festival";
			};
			name = Release;
		};
/* End XCBuildConfiguration section */

/* Begin XCConfigurationList section */
		AEF8BC3B1A7CEC8A007241DC /* Build configuration list for PBXProject "Surbiton Food Festival" */ = {
			isa = XCConfigurationList;
			buildConfigurations = (
				AEF8BC641A7CEC8A007241DC /* Debug */,
				AEF520911A9E2B5500C05D84 /* Production */,
				AEF5208E1A9E2B4600C05D84 /* Development */,
				AEF8BC651A7CEC8A007241DC /* Release */,
			);
			defaultConfigurationIsVisible = 0;
			defaultConfigurationName = Release;
		};
		AEF8BC661A7CEC8A007241DC /* Build configuration list for PBXNativeTarget "Surbiton Food Festival" */ = {
			isa = XCConfigurationList;
			buildConfigurations = (
				AEF8BC671A7CEC8A007241DC /* Debug */,
				AEF520921A9E2B5500C05D84 /* Production */,
				AEF5208F1A9E2B4600C05D84 /* Development */,
				AEF8BC681A7CEC8A007241DC /* Release */,
			);
			defaultConfigurationIsVisible = 0;
			defaultConfigurationName = Release;
		};
		AEF8BC691A7CEC8A007241DC /* Build configuration list for PBXNativeTarget "Surbiton Food FestivalTests" */ = {
			isa = XCConfigurationList;
			buildConfigurations = (
				AEF8BC6A1A7CEC8A007241DC /* Debug */,
				AEF520931A9E2B5500C05D84 /* Production */,
				AEF520901A9E2B4600C05D84 /* Development */,
				AEF8BC6B1A7CEC8A007241DC /* Release */,
			);
			defaultConfigurationIsVisible = 0;
			defaultConfigurationName = Release;
		};
/* End XCConfigurationList section */
	};
	rootObject = AEF8BC381A7CEC8A007241DC /* Project object */;
}
